
Microsoft Visual Studio Solution File, Format Version 12.00
# Visual Studio Version 17
VisualStudioVersion = 17.5.002.0
MinimumVisualStudioVersion = 10.0.40219.1
Project("{9A19103F-16F7-4668-BE54-9A1E7A4F7556}") = "FlipProof.Image", "FlipProof.Image\FlipProof.Image.csproj", "{427A0A38-13BC-47C0-9C76-C54DD21EA322}"
EndProject
Project("{9A19103F-16F7-4668-BE54-9A1E7A4F7556}") = "FlipProof.ImageTests", "FlipProof.ImageTests\FlipProof.ImageTests.csproj", "{E181E0F0-838D-47FA-B66C-2468AF389453}"
EndProject
Project("{9A19103F-16F7-4668-BE54-9A1E7A4F7556}") = "FlipProof.Torch", "FlipProof.Torch\FlipProof.Torch.csproj", "{49DF0B19-F10C-4602-B584-61A8D855063F}"
EndProject
Project("{9A19103F-16F7-4668-BE54-9A1E7A4F7556}") = "FlipProof.TorchTests", "FlipProof.TorchTests\FlipProof.TorchTests.csproj", "{ECE1BC92-BA04-4A0E-826B-7E71158B1F2B}"
EndProject
Project("{9A19103F-16F7-4668-BE54-9A1E7A4F7556}") = "FlipProof.Base", "FlipProof.Base\FlipProof.Base.csproj", "{09742F3B-13F3-4590-B108-1ACFFA408592}"
EndProject
Project("{2150E333-8FDC-42A3-9474-1A3956D46DE8}") = "Solution Items", "Solution Items", "{80D21E34-2A14-4D0E-9F8E-7AB34A12A719}"
	ProjectSection(SolutionItems) = preProject
		README.md = README.md
	EndProjectSection
EndProject
Global
	GlobalSection(SolutionConfigurationPlatforms) = preSolution
		Linux-CPU-Debug|ARM64 = Linux-CPU-Debug|ARM64
		Linux-CPU-Debug|x64 = Linux-CPU-Debug|x64
		Linux-CPU-Release|ARM64 = Linux-CPU-Release|ARM64
		Linux-CPU-Release|x64 = Linux-CPU-Release|x64
		Linux-GPU-Debug|ARM64 = Linux-GPU-Debug|ARM64
		Linux-GPU-Debug|x64 = Linux-GPU-Debug|x64
		Linux-GPU-Release|ARM64 = Linux-GPU-Release|ARM64
		Linux-GPU-Release|x64 = Linux-GPU-Release|x64
		MacOS-CPU-Debug|ARM64 = MacOS-CPU-Debug|ARM64
		MacOS-CPU-Debug|x64 = MacOS-CPU-Debug|x64
		MacOS-CPU-Release|ARM64 = MacOS-CPU-Release|ARM64
		MacOS-CPU-Release|x64 = MacOS-CPU-Release|x64
		Win-CPU-Debug|ARM64 = Win-CPU-Debug|ARM64
		Win-CPU-Debug|x64 = Win-CPU-Debug|x64
		Win-CPU-Release|ARM64 = Win-CPU-Release|ARM64
		Win-CPU-Release|x64 = Win-CPU-Release|x64
		Win-GPU-Debug|ARM64 = Win-GPU-Debug|ARM64
		Win-GPU-Debug|x64 = Win-GPU-Debug|x64
		Win-GPU-Release|ARM64 = Win-GPU-Release|ARM64
		Win-GPU-Release|x64 = Win-GPU-Release|x64
	EndGlobalSection
	GlobalSection(ProjectConfigurationPlatforms) = postSolution
		{427A0A38-13BC-47C0-9C76-C54DD21EA322}.Linux-CPU-Debug|ARM64.ActiveCfg = Linux-CPU-Debug|ARM64
		{427A0A38-13BC-47C0-9C76-C54DD21EA322}.Linux-CPU-Debug|ARM64.Build.0 = Linux-CPU-Debug|ARM64
		{427A0A38-13BC-47C0-9C76-C54DD21EA322}.Linux-CPU-Debug|x64.ActiveCfg = Linux-CPU-Debug|x64
		{427A0A38-13BC-47C0-9C76-C54DD21EA322}.Linux-CPU-Debug|x64.Build.0 = Linux-CPU-Debug|x64
		{427A0A38-13BC-47C0-9C76-C54DD21EA322}.Linux-CPU-Release|ARM64.ActiveCfg = Linux-CPU-Release|ARM64
		{427A0A38-13BC-47C0-9C76-C54DD21EA322}.Linux-CPU-Release|ARM64.Build.0 = Linux-CPU-Release|ARM64
		{427A0A38-13BC-47C0-9C76-C54DD21EA322}.Linux-CPU-Release|x64.ActiveCfg = Linux-CPU-Release|x64
		{427A0A38-13BC-47C0-9C76-C54DD21EA322}.Linux-CPU-Release|x64.Build.0 = Linux-CPU-Release|x64
		{427A0A38-13BC-47C0-9C76-C54DD21EA322}.Linux-GPU-Debug|ARM64.ActiveCfg = Linux-GPU-Debug|ARM64
		{427A0A38-13BC-47C0-9C76-C54DD21EA322}.Linux-GPU-Debug|ARM64.Build.0 = Linux-GPU-Debug|ARM64
		{427A0A38-13BC-47C0-9C76-C54DD21EA322}.Linux-GPU-Debug|x64.ActiveCfg = Linux-GPU-Debug|x64
		{427A0A38-13BC-47C0-9C76-C54DD21EA322}.Linux-GPU-Debug|x64.Build.0 = Linux-GPU-Debug|x64
		{427A0A38-13BC-47C0-9C76-C54DD21EA322}.Linux-GPU-Release|ARM64.ActiveCfg = Linux-GPU-Release|ARM64
		{427A0A38-13BC-47C0-9C76-C54DD21EA322}.Linux-GPU-Release|ARM64.Build.0 = Linux-GPU-Release|ARM64
		{427A0A38-13BC-47C0-9C76-C54DD21EA322}.Linux-GPU-Release|x64.ActiveCfg = Linux-GPU-Release|x64
		{427A0A38-13BC-47C0-9C76-C54DD21EA322}.Linux-GPU-Release|x64.Build.0 = Linux-GPU-Release|x64
		{427A0A38-13BC-47C0-9C76-C54DD21EA322}.MacOS-CPU-Debug|ARM64.ActiveCfg = MacOS-CPU-Debug|ARM64
		{427A0A38-13BC-47C0-9C76-C54DD21EA322}.MacOS-CPU-Debug|ARM64.Build.0 = MacOS-CPU-Debug|ARM64
		{427A0A38-13BC-47C0-9C76-C54DD21EA322}.MacOS-CPU-Debug|x64.ActiveCfg = MacOS-CPU-Debug|ARM64
		{427A0A38-13BC-47C0-9C76-C54DD21EA322}.MacOS-CPU-Debug|x64.Build.0 = MacOS-CPU-Debug|ARM64
		{427A0A38-13BC-47C0-9C76-C54DD21EA322}.MacOS-CPU-Release|ARM64.ActiveCfg = MacOS-CPU-Release|ARM64
		{427A0A38-13BC-47C0-9C76-C54DD21EA322}.MacOS-CPU-Release|ARM64.Build.0 = MacOS-CPU-Release|ARM64
		{427A0A38-13BC-47C0-9C76-C54DD21EA322}.MacOS-CPU-Release|x64.ActiveCfg = MacOS-CPU-Release|ARM64
		{427A0A38-13BC-47C0-9C76-C54DD21EA322}.MacOS-CPU-Release|x64.Build.0 = MacOS-CPU-Release|ARM64
		{427A0A38-13BC-47C0-9C76-C54DD21EA322}.Win-CPU-Debug|ARM64.ActiveCfg = Win-CPU-Debug|ARM64
		{427A0A38-13BC-47C0-9C76-C54DD21EA322}.Win-CPU-Debug|ARM64.Build.0 = Win-CPU-Debug|ARM64
		{427A0A38-13BC-47C0-9C76-C54DD21EA322}.Win-CPU-Debug|x64.ActiveCfg = Win-CPU-Debug|x64
		{427A0A38-13BC-47C0-9C76-C54DD21EA322}.Win-CPU-Debug|x64.Build.0 = Win-CPU-Debug|x64
		{427A0A38-13BC-47C0-9C76-C54DD21EA322}.Win-CPU-Release|ARM64.ActiveCfg = Win-CPU-Release|ARM64
		{427A0A38-13BC-47C0-9C76-C54DD21EA322}.Win-CPU-Release|ARM64.Build.0 = Win-CPU-Release|ARM64
		{427A0A38-13BC-47C0-9C76-C54DD21EA322}.Win-CPU-Release|x64.ActiveCfg = Win-CPU-Release|x64
		{427A0A38-13BC-47C0-9C76-C54DD21EA322}.Win-CPU-Release|x64.Build.0 = Win-CPU-Release|x64
		{427A0A38-13BC-47C0-9C76-C54DD21EA322}.Win-GPU-Debug|ARM64.ActiveCfg = Win-GPU-Debug|ARM64
		{427A0A38-13BC-47C0-9C76-C54DD21EA322}.Win-GPU-Debug|ARM64.Build.0 = Win-GPU-Debug|ARM64
		{427A0A38-13BC-47C0-9C76-C54DD21EA322}.Win-GPU-Debug|x64.ActiveCfg = Win-GPU-Debug|x64
		{427A0A38-13BC-47C0-9C76-C54DD21EA322}.Win-GPU-Debug|x64.Build.0 = Win-GPU-Debug|x64
		{427A0A38-13BC-47C0-9C76-C54DD21EA322}.Win-GPU-Release|ARM64.ActiveCfg = Win-GPU-Release|ARM64
		{427A0A38-13BC-47C0-9C76-C54DD21EA322}.Win-GPU-Release|ARM64.Build.0 = Win-GPU-Release|ARM64
		{427A0A38-13BC-47C0-9C76-C54DD21EA322}.Win-GPU-Release|x64.ActiveCfg = Win-GPU-Release|x64
		{427A0A38-13BC-47C0-9C76-C54DD21EA322}.Win-GPU-Release|x64.Build.0 = Win-GPU-Release|x64
		{E181E0F0-838D-47FA-B66C-2468AF389453}.Linux-CPU-Debug|ARM64.ActiveCfg = Linux-CPU-Debug|ARM64
		{E181E0F0-838D-47FA-B66C-2468AF389453}.Linux-CPU-Debug|ARM64.Build.0 = Linux-CPU-Debug|ARM64
		{E181E0F0-838D-47FA-B66C-2468AF389453}.Linux-CPU-Debug|x64.ActiveCfg = Linux-CPU-Debug|x64
		{E181E0F0-838D-47FA-B66C-2468AF389453}.Linux-CPU-Debug|x64.Build.0 = Linux-CPU-Debug|x64
		{E181E0F0-838D-47FA-B66C-2468AF389453}.Linux-CPU-Release|ARM64.ActiveCfg = Linux-CPU-Release|ARM64
		{E181E0F0-838D-47FA-B66C-2468AF389453}.Linux-CPU-Release|ARM64.Build.0 = Linux-CPU-Release|ARM64
		{E181E0F0-838D-47FA-B66C-2468AF389453}.Linux-CPU-Release|x64.ActiveCfg = Linux-CPU-Release|x64
		{E181E0F0-838D-47FA-B66C-2468AF389453}.Linux-GPU-Debug|ARM64.ActiveCfg = Linux-GPU-Debug|ARM64
		{E181E0F0-838D-47FA-B66C-2468AF389453}.Linux-GPU-Debug|ARM64.Build.0 = Linux-GPU-Debug|ARM64
		{E181E0F0-838D-47FA-B66C-2468AF389453}.Linux-GPU-Debug|x64.ActiveCfg = Linux-GPU-Debug|x64
		{E181E0F0-838D-47FA-B66C-2468AF389453}.Linux-GPU-Debug|x64.Build.0 = Linux-GPU-Debug|x64
		{E181E0F0-838D-47FA-B66C-2468AF389453}.Linux-GPU-Release|ARM64.ActiveCfg = Linux-GPU-Release|ARM64
		{E181E0F0-838D-47FA-B66C-2468AF389453}.Linux-GPU-Release|ARM64.Build.0 = Linux-GPU-Release|ARM64
		{E181E0F0-838D-47FA-B66C-2468AF389453}.Linux-GPU-Release|x64.ActiveCfg = Linux-GPU-Release|x64
		{E181E0F0-838D-47FA-B66C-2468AF389453}.MacOS-CPU-Debug|ARM64.ActiveCfg = MacOS-CPU-Debug|ARM64
		{E181E0F0-838D-47FA-B66C-2468AF389453}.MacOS-CPU-Debug|ARM64.Build.0 = MacOS-CPU-Debug|ARM64
		{E181E0F0-838D-47FA-B66C-2468AF389453}.MacOS-CPU-Debug|x64.ActiveCfg = MacOS-CPU-Debug|ARM64
		{E181E0F0-838D-47FA-B66C-2468AF389453}.MacOS-CPU-Debug|x64.Build.0 = MacOS-CPU-Debug|ARM64
		{E181E0F0-838D-47FA-B66C-2468AF389453}.MacOS-CPU-Release|ARM64.ActiveCfg = MacOS-CPU-Release|ARM64
		{E181E0F0-838D-47FA-B66C-2468AF389453}.MacOS-CPU-Release|ARM64.Build.0 = MacOS-CPU-Release|ARM64
		{E181E0F0-838D-47FA-B66C-2468AF389453}.MacOS-CPU-Release|x64.ActiveCfg = MacOS-CPU-Release|ARM64
		{E181E0F0-838D-47FA-B66C-2468AF389453}.Win-CPU-Debug|ARM64.ActiveCfg = Win-CPU-Debug|ARM64
		{E181E0F0-838D-47FA-B66C-2468AF389453}.Win-CPU-Debug|ARM64.Build.0 = Win-CPU-Debug|ARM64
		{E181E0F0-838D-47FA-B66C-2468AF389453}.Win-CPU-Debug|x64.ActiveCfg = Win-CPU-Debug|x64
		{E181E0F0-838D-47FA-B66C-2468AF389453}.Win-CPU-Debug|x64.Build.0 = Win-CPU-Debug|x64
		{E181E0F0-838D-47FA-B66C-2468AF389453}.Win-CPU-Release|ARM64.ActiveCfg = Win-CPU-Release|ARM64
		{E181E0F0-838D-47FA-B66C-2468AF389453}.Win-CPU-Release|ARM64.Build.0 = Win-CPU-Release|ARM64
		{E181E0F0-838D-47FA-B66C-2468AF389453}.Win-CPU-Release|x64.ActiveCfg = Win-CPU-Release|x64
		{E181E0F0-838D-47FA-B66C-2468AF389453}.Win-GPU-Debug|ARM64.ActiveCfg = Win-GPU-Debug|ARM64
		{E181E0F0-838D-47FA-B66C-2468AF389453}.Win-GPU-Debug|ARM64.Build.0 = Win-GPU-Debug|ARM64
		{E181E0F0-838D-47FA-B66C-2468AF389453}.Win-GPU-Debug|x64.ActiveCfg = Win-GPU-Debug|x64
		{E181E0F0-838D-47FA-B66C-2468AF389453}.Win-GPU-Debug|x64.Build.0 = Win-GPU-Debug|x64
		{E181E0F0-838D-47FA-B66C-2468AF389453}.Win-GPU-Release|ARM64.ActiveCfg = Win-GPU-Release|ARM64
		{E181E0F0-838D-47FA-B66C-2468AF389453}.Win-GPU-Release|ARM64.Build.0 = Win-GPU-Release|ARM64
		{E181E0F0-838D-47FA-B66C-2468AF389453}.Win-GPU-Release|x64.ActiveCfg = Win-GPU-Release|x64
		{49DF0B19-F10C-4602-B584-61A8D855063F}.Linux-CPU-Debug|ARM64.ActiveCfg = Linux-CPU-Debug|ARM64
		{49DF0B19-F10C-4602-B584-61A8D855063F}.Linux-CPU-Debug|ARM64.Build.0 = Linux-CPU-Debug|ARM64
		{49DF0B19-F10C-4602-B584-61A8D855063F}.Linux-CPU-Debug|x64.ActiveCfg = Linux-CPU-Debug|x64
		{49DF0B19-F10C-4602-B584-61A8D855063F}.Linux-CPU-Debug|x64.Build.0 = Linux-CPU-Debug|x64
		{49DF0B19-F10C-4602-B584-61A8D855063F}.Linux-CPU-Release|ARM64.ActiveCfg = Linux-CPU-Release|ARM64
		{49DF0B19-F10C-4602-B584-61A8D855063F}.Linux-CPU-Release|ARM64.Build.0 = Linux-CPU-Release|ARM64
		{49DF0B19-F10C-4602-B584-61A8D855063F}.Linux-CPU-Release|x64.ActiveCfg = Linux-CPU-Release|x64
		{49DF0B19-F10C-4602-B584-61A8D855063F}.Linux-CPU-Release|x64.Build.0 = Linux-CPU-Release|x64
		{49DF0B19-F10C-4602-B584-61A8D855063F}.Linux-GPU-Debug|ARM64.ActiveCfg = Linux-GPU-Debug|ARM64
		{49DF0B19-F10C-4602-B584-61A8D855063F}.Linux-GPU-Debug|ARM64.Build.0 = Linux-GPU-Debug|ARM64
		{49DF0B19-F10C-4602-B584-61A8D855063F}.Linux-GPU-Debug|x64.ActiveCfg = Linux-GPU-Debug|x64
		{49DF0B19-F10C-4602-B584-61A8D855063F}.Linux-GPU-Debug|x64.Build.0 = Linux-GPU-Debug|x64
		{49DF0B19-F10C-4602-B584-61A8D855063F}.Linux-GPU-Release|ARM64.ActiveCfg = Linux-GPU-Release|ARM64
		{49DF0B19-F10C-4602-B584-61A8D855063F}.Linux-GPU-Release|ARM64.Build.0 = Linux-GPU-Release|ARM64
		{49DF0B19-F10C-4602-B584-61A8D855063F}.Linux-GPU-Release|x64.ActiveCfg = Linux-GPU-Release|x64
		{49DF0B19-F10C-4602-B584-61A8D855063F}.Linux-GPU-Release|x64.Build.0 = Linux-GPU-Release|x64
		{49DF0B19-F10C-4602-B584-61A8D855063F}.MacOS-CPU-Debug|ARM64.ActiveCfg = MacOS-CPU-Debug|ARM64
		{49DF0B19-F10C-4602-B584-61A8D855063F}.MacOS-CPU-Debug|ARM64.Build.0 = MacOS-CPU-Debug|ARM64
		{49DF0B19-F10C-4602-B584-61A8D855063F}.MacOS-CPU-Debug|x64.ActiveCfg = MacOS-CPU-Debug|ARM64
		{49DF0B19-F10C-4602-B584-61A8D855063F}.MacOS-CPU-Debug|x64.Build.0 = MacOS-CPU-Debug|ARM64
		{49DF0B19-F10C-4602-B584-61A8D855063F}.MacOS-CPU-Release|ARM64.ActiveCfg = MacOS-CPU-Release|ARM64
		{49DF0B19-F10C-4602-B584-61A8D855063F}.MacOS-CPU-Release|ARM64.Build.0 = MacOS-CPU-Release|ARM64
		{49DF0B19-F10C-4602-B584-61A8D855063F}.MacOS-CPU-Release|x64.ActiveCfg = MacOS-CPU-Release|ARM64
		{49DF0B19-F10C-4602-B584-61A8D855063F}.MacOS-CPU-Release|x64.Build.0 = MacOS-CPU-Release|ARM64
		{49DF0B19-F10C-4602-B584-61A8D855063F}.Win-CPU-Debug|ARM64.ActiveCfg = Win-CPU-Debug|ARM64
		{49DF0B19-F10C-4602-B584-61A8D855063F}.Win-CPU-Debug|ARM64.Build.0 = Win-CPU-Debug|ARM64
		{49DF0B19-F10C-4602-B584-61A8D855063F}.Win-CPU-Debug|x64.ActiveCfg = Win-CPU-Debug|x64
		{49DF0B19-F10C-4602-B584-61A8D855063F}.Win-CPU-Debug|x64.Build.0 = Win-CPU-Debug|x64
		{49DF0B19-F10C-4602-B584-61A8D855063F}.Win-CPU-Release|ARM64.ActiveCfg = Win-CPU-Release|ARM64
		{49DF0B19-F10C-4602-B584-61A8D855063F}.Win-CPU-Release|ARM64.Build.0 = Win-CPU-Release|ARM64
		{49DF0B19-F10C-4602-B584-61A8D855063F}.Win-CPU-Release|x64.ActiveCfg = Win-CPU-Release|x64
		{49DF0B19-F10C-4602-B584-61A8D855063F}.Win-CPU-Release|x64.Build.0 = Win-CPU-Release|x64
		{49DF0B19-F10C-4602-B584-61A8D855063F}.Win-GPU-Debug|ARM64.ActiveCfg = Win-GPU-Debug|ARM64
		{49DF0B19-F10C-4602-B584-61A8D855063F}.Win-GPU-Debug|ARM64.Build.0 = Win-GPU-Debug|ARM64
		{49DF0B19-F10C-4602-B584-61A8D855063F}.Win-GPU-Debug|x64.ActiveCfg = Win-GPU-Debug|x64
		{49DF0B19-F10C-4602-B584-61A8D855063F}.Win-GPU-Debug|x64.Build.0 = Win-GPU-Debug|x64
		{49DF0B19-F10C-4602-B584-61A8D855063F}.Win-GPU-Release|ARM64.ActiveCfg = Win-GPU-Release|ARM64
		{49DF0B19-F10C-4602-B584-61A8D855063F}.Win-GPU-Release|ARM64.Build.0 = Win-GPU-Release|ARM64
		{49DF0B19-F10C-4602-B584-61A8D855063F}.Win-GPU-Release|x64.ActiveCfg = Win-GPU-Release|x64
		{49DF0B19-F10C-4602-B584-61A8D855063F}.Win-GPU-Release|x64.Build.0 = Win-GPU-Release|x64
		{ECE1BC92-BA04-4A0E-826B-7E71158B1F2B}.Linux-CPU-Debug|ARM64.ActiveCfg = Linux-CPU-Debug|ARM64
		{ECE1BC92-BA04-4A0E-826B-7E71158B1F2B}.Linux-CPU-Debug|ARM64.Build.0 = Linux-CPU-Debug|ARM64
		{ECE1BC92-BA04-4A0E-826B-7E71158B1F2B}.Linux-CPU-Debug|x64.ActiveCfg = Linux-CPU-Debug|x64
		{ECE1BC92-BA04-4A0E-826B-7E71158B1F2B}.Linux-CPU-Debug|x64.Build.0 = Linux-CPU-Debug|x64
		{ECE1BC92-BA04-4A0E-826B-7E71158B1F2B}.Linux-CPU-Release|ARM64.ActiveCfg = Linux-CPU-Release|ARM64
		{ECE1BC92-BA04-4A0E-826B-7E71158B1F2B}.Linux-CPU-Release|ARM64.Build.0 = Linux-CPU-Release|ARM64
		{ECE1BC92-BA04-4A0E-826B-7E71158B1F2B}.Linux-CPU-Release|x64.ActiveCfg = Linux-CPU-Release|x64
		{ECE1BC92-BA04-4A0E-826B-7E71158B1F2B}.Linux-CPU-Release|x64.Build.0 = Linux-CPU-Release|x64
		{ECE1BC92-BA04-4A0E-826B-7E71158B1F2B}.Linux-GPU-Debug|ARM64.ActiveCfg = Linux-GPU-Debug|ARM64
		{ECE1BC92-BA04-4A0E-826B-7E71158B1F2B}.Linux-GPU-Debug|ARM64.Build.0 = Linux-GPU-Debug|ARM64
		{ECE1BC92-BA04-4A0E-826B-7E71158B1F2B}.Linux-GPU-Debug|x64.ActiveCfg = Linux-GPU-Debug|x64
		{ECE1BC92-BA04-4A0E-826B-7E71158B1F2B}.Linux-GPU-Debug|x64.Build.0 = Linux-GPU-Debug|x64
		{ECE1BC92-BA04-4A0E-826B-7E71158B1F2B}.Linux-GPU-Release|ARM64.ActiveCfg = Linux-GPU-Release|ARM64
		{ECE1BC92-BA04-4A0E-826B-7E71158B1F2B}.Linux-GPU-Release|ARM64.Build.0 = Linux-GPU-Release|ARM64
		{ECE1BC92-BA04-4A0E-826B-7E71158B1F2B}.Linux-GPU-Release|x64.ActiveCfg = Linux-GPU-Release|x64
		{ECE1BC92-BA04-4A0E-826B-7E71158B1F2B}.Linux-GPU-Release|x64.Build.0 = Linux-GPU-Release|x64
		{ECE1BC92-BA04-4A0E-826B-7E71158B1F2B}.MacOS-CPU-Debug|ARM64.ActiveCfg = MacOS-CPU-Debug|ARM64
		{ECE1BC92-BA04-4A0E-826B-7E71158B1F2B}.MacOS-CPU-Debug|ARM64.Build.0 = MacOS-CPU-Debug|ARM64
		{ECE1BC92-BA04-4A0E-826B-7E71158B1F2B}.MacOS-CPU-Debug|x64.ActiveCfg = MacOS-CPU-Debug|ARM64
		{ECE1BC92-BA04-4A0E-826B-7E71158B1F2B}.MacOS-CPU-Debug|x64.Build.0 = MacOS-CPU-Debug|ARM64
		{ECE1BC92-BA04-4A0E-826B-7E71158B1F2B}.MacOS-CPU-Release|ARM64.ActiveCfg = MacOS-CPU-Release|ARM64
		{ECE1BC92-BA04-4A0E-826B-7E71158B1F2B}.MacOS-CPU-Release|ARM64.Build.0 = MacOS-CPU-Release|ARM64
		{ECE1BC92-BA04-4A0E-826B-7E71158B1F2B}.MacOS-CPU-Release|x64.ActiveCfg = MacOS-CPU-Release|ARM64
		{ECE1BC92-BA04-4A0E-826B-7E71158B1F2B}.MacOS-CPU-Release|x64.Build.0 = MacOS-CPU-Release|ARM64
		{ECE1BC92-BA04-4A0E-826B-7E71158B1F2B}.Win-CPU-Debug|ARM64.ActiveCfg = Win-CPU-Debug|ARM64
		{ECE1BC92-BA04-4A0E-826B-7E71158B1F2B}.Win-CPU-Debug|ARM64.Build.0 = Win-CPU-Debug|ARM64
		{ECE1BC92-BA04-4A0E-826B-7E71158B1F2B}.Win-CPU-Debug|x64.ActiveCfg = Win-CPU-Debug|x64
		{ECE1BC92-BA04-4A0E-826B-7E71158B1F2B}.Win-CPU-Debug|x64.Build.0 = Win-CPU-Debug|x64
		{ECE1BC92-BA04-4A0E-826B-7E71158B1F2B}.Win-CPU-Release|ARM64.ActiveCfg = Win-CPU-Release|ARM64
		{ECE1BC92-BA04-4A0E-826B-7E71158B1F2B}.Win-CPU-Release|ARM64.Build.0 = Win-CPU-Release|ARM64
		{ECE1BC92-BA04-4A0E-826B-7E71158B1F2B}.Win-CPU-Release|x64.ActiveCfg = Win-CPU-Release|x64
		{ECE1BC92-BA04-4A0E-826B-7E71158B1F2B}.Win-CPU-Release|x64.Build.0 = Win-CPU-Release|x64
		{ECE1BC92-BA04-4A0E-826B-7E71158B1F2B}.Win-GPU-Debug|ARM64.ActiveCfg = Win-GPU-Debug|ARM64
		{ECE1BC92-BA04-4A0E-826B-7E71158B1F2B}.Win-GPU-Debug|ARM64.Build.0 = Win-GPU-Debug|ARM64
		{ECE1BC92-BA04-4A0E-826B-7E71158B1F2B}.Win-GPU-Debug|x64.ActiveCfg = Win-GPU-Debug|x64
		{ECE1BC92-BA04-4A0E-826B-7E71158B1F2B}.Win-GPU-Debug|x64.Build.0 = Win-GPU-Debug|x64
		{ECE1BC92-BA04-4A0E-826B-7E71158B1F2B}.Win-GPU-Release|ARM64.ActiveCfg = Win-GPU-Release|ARM64
		{ECE1BC92-BA04-4A0E-826B-7E71158B1F2B}.Win-GPU-Release|ARM64.Build.0 = Win-GPU-Release|ARM64
		{ECE1BC92-BA04-4A0E-826B-7E71158B1F2B}.Win-GPU-Release|x64.ActiveCfg = Win-GPU-Release|x64
		{ECE1BC92-BA04-4A0E-826B-7E71158B1F2B}.Win-GPU-Release|x64.Build.0 = Win-GPU-Release|x64
		{09742F3B-13F3-4590-B108-1ACFFA408592}.Linux-CPU-Debug|ARM64.ActiveCfg = Linux-CPU-Debug|ARM64
		{09742F3B-13F3-4590-B108-1ACFFA408592}.Linux-CPU-Debug|ARM64.Build.0 = Linux-CPU-Debug|ARM64
		{09742F3B-13F3-4590-B108-1ACFFA408592}.Linux-CPU-Debug|x64.ActiveCfg = Linux-CPU-Debug|x64
		{09742F3B-13F3-4590-B108-1ACFFA408592}.Linux-CPU-Debug|x64.Build.0 = Linux-CPU-Debug|x64
		{09742F3B-13F3-4590-B108-1ACFFA408592}.Linux-CPU-Release|ARM64.ActiveCfg = Linux-CPU-Release|ARM64
		{09742F3B-13F3-4590-B108-1ACFFA408592}.Linux-CPU-Release|ARM64.Build.0 = Linux-CPU-Release|ARM64
		{09742F3B-13F3-4590-B108-1ACFFA408592}.Linux-CPU-Release|x64.ActiveCfg = Linux-CPU-Release|x64
		{09742F3B-13F3-4590-B108-1ACFFA408592}.Linux-CPU-Release|x64.Build.0 = Linux-CPU-Release|x64
		{09742F3B-13F3-4590-B108-1ACFFA408592}.Linux-GPU-Debug|ARM64.ActiveCfg = Linux-GPU-Debug|ARM64
		{09742F3B-13F3-4590-B108-1ACFFA408592}.Linux-GPU-Debug|ARM64.Build.0 = Linux-GPU-Debug|ARM64
		{09742F3B-13F3-4590-B108-1ACFFA408592}.Linux-GPU-Debug|x64.ActiveCfg = Linux-GPU-Debug|x64
		{09742F3B-13F3-4590-B108-1ACFFA408592}.Linux-GPU-Debug|x64.Build.0 = Linux-GPU-Debug|x64
		{09742F3B-13F3-4590-B108-1ACFFA408592}.Linux-GPU-Release|ARM64.ActiveCfg = Linux-GPU-Release|ARM64
		{09742F3B-13F3-4590-B108-1ACFFA408592}.Linux-GPU-Release|ARM64.Build.0 = Linux-GPU-Release|ARM64
		{09742F3B-13F3-4590-B108-1ACFFA408592}.Linux-GPU-Release|x64.ActiveCfg = Linux-GPU-Release|x64
		{09742F3B-13F3-4590-B108-1ACFFA408592}.Linux-GPU-Release|x64.Build.0 = Linux-GPU-Release|x64
		{09742F3B-13F3-4590-B108-1ACFFA408592}.MacOS-CPU-Debug|ARM64.ActiveCfg = MacOS-CPU-Debug|ARM64
		{09742F3B-13F3-4590-B108-1ACFFA408592}.MacOS-CPU-Debug|ARM64.Build.0 = MacOS-CPU-Debug|ARM64
		{09742F3B-13F3-4590-B108-1ACFFA408592}.MacOS-CPU-Debug|x64.ActiveCfg = MacOS-CPU-Debug|ARM64
		{09742F3B-13F3-4590-B108-1ACFFA408592}.MacOS-CPU-Debug|x64.Build.0 = MacOS-CPU-Debug|ARM64
		{09742F3B-13F3-4590-B108-1ACFFA408592}.MacOS-CPU-Release|ARM64.ActiveCfg = MacOS-CPU-Release|ARM64
		{09742F3B-13F3-4590-B108-1ACFFA408592}.MacOS-CPU-Release|ARM64.Build.0 = MacOS-CPU-Release|ARM64
		{09742F3B-13F3-4590-B108-1ACFFA408592}.MacOS-CPU-Release|x64.ActiveCfg = MacOS-CPU-Release|ARM64
		{09742F3B-13F3-4590-B108-1ACFFA408592}.MacOS-CPU-Release|x64.Build.0 = MacOS-CPU-Release|ARM64
		{09742F3B-13F3-4590-B108-1ACFFA408592}.Win-CPU-Debug|ARM64.ActiveCfg = Win-CPU-Debug|ARM64
		{09742F3B-13F3-4590-B108-1ACFFA408592}.Win-CPU-Debug|ARM64.Build.0 = Win-CPU-Debug|ARM64
		{09742F3B-13F3-4590-B108-1ACFFA408592}.Win-CPU-Debug|x64.ActiveCfg = Win-CPU-Debug|x64
		{09742F3B-13F3-4590-B108-1ACFFA408592}.Win-CPU-Debug|x64.Build.0 = Win-CPU-Debug|x64
		{09742F3B-13F3-4590-B108-1ACFFA408592}.Win-CPU-Release|ARM64.ActiveCfg = Win-CPU-Release|ARM64
		{09742F3B-13F3-4590-B108-1ACFFA408592}.Win-CPU-Release|ARM64.Build.0 = Win-CPU-Release|ARM64
		{09742F3B-13F3-4590-B108-1ACFFA408592}.Win-CPU-Release|x64.ActiveCfg = Win-CPU-Release|x64
		{09742F3B-13F3-4590-B108-1ACFFA408592}.Win-CPU-Release|x64.Build.0 = Win-CPU-Release|x64
		{09742F3B-13F3-4590-B108-1ACFFA408592}.Win-GPU-Debug|ARM64.ActiveCfg = Win-GPU-Debug|ARM64
		{09742F3B-13F3-4590-B108-1ACFFA408592}.Win-GPU-Debug|ARM64.Build.0 = Win-GPU-Debug|ARM64
		{09742F3B-13F3-4590-B108-1ACFFA408592}.Win-GPU-Debug|x64.ActiveCfg = Win-GPU-Debug|x64
		{09742F3B-13F3-4590-B108-1ACFFA408592}.Win-GPU-Debug|x64.Build.0 = Win-GPU-Debug|x64
		{09742F3B-13F3-4590-B108-1ACFFA408592}.Win-GPU-Release|ARM64.ActiveCfg = Win-GPU-Release|ARM64
		{09742F3B-13F3-4590-B108-1ACFFA408592}.Win-GPU-Release|ARM64.Build.0 = Win-GPU-Release|ARM64
		{09742F3B-13F3-4590-B108-1ACFFA408592}.Win-GPU-Release|x64.ActiveCfg = Win-GPU-Release|x64
		{09742F3B-13F3-4590-B108-1ACFFA408592}.Win-GPU-Release|x64.Build.0 = Win-GPU-Release|x64
	EndGlobalSection
	GlobalSection(SolutionProperties) = preSolution
		HideSolutionNode = FALSE
	EndGlobalSection
	GlobalSection(ExtensibilityGlobals) = postSolution
		SolutionGuid = {32315B05-6061-41AF-987A-F687C30C50C5}
	EndGlobalSection
EndGlobal
