
Microsoft Visual Studio Solution File, Format Version 12.00
# Visual Studio Version 17
VisualStudioVersion = 17.5.002.0
MinimumVisualStudioVersion = 10.0.40219.1
Project("{9A19103F-16F7-4668-BE54-9A1E7A4F7556}") = "FlipProof.Image", "FlipProof.Image\FlipProof.Image.csproj", "{427A0A38-13BC-47C0-9C76-C54DD21EA322}"
EndProject
Project("{9A19103F-16F7-4668-BE54-9A1E7A4F7556}") = "FlipProof.ImageTests", "FlipProof.ImageTests\FlipProof.ImageTests.csproj", "{E181E0F0-838D-47FA-B66C-2468AF389453}"
EndProject
Project("{9A19103F-16F7-4668-BE54-9A1E7A4F7556}") = "FlipProof.Torch", "FlipProof.Torch\FlipProof.Torch.csproj", "{49DF0B19-F10C-4602-B584-61A8D855063F}"
EndProject
Project("{9A19103F-16F7-4668-BE54-9A1E7A4F7556}") = "FlipProof.TorchTests", "FlipProof.TorchTests\FlipProof.TorchTests.csproj", "{ECE1BC92-BA04-4A0E-826B-7E71158B1F2B}"
EndProject
Project("{9A19103F-16F7-4668-BE54-9A1E7A4F7556}") = "FlipProof.Base", "FlipProof.Base\FlipProof.Base.csproj", "{09742F3B-13F3-4590-B108-1ACFFA408592}"
EndProject
Project("{2150E333-8FDC-42A3-9474-1A3956D46DE8}") = "Solution Items", "Solution Items", "{80D21E34-2A14-4D0E-9F8E-7AB34A12A719}"
	ProjectSection(SolutionItems) = preProject
		.editorconfig = .editorconfig
		.github\workflows\linux-cpu.yml = .github\workflows\linux-cpu.yml
		README.md = README.md
	EndProjectSection
EndProject
Project("{2150E333-8FDC-42A3-9474-1A3956D46DE8}") = "BuildTools", "BuildTools", "{F0FF5B21-3F7D-4D2F-974C-6713A2D00743}"
	ProjectSection(SolutionItems) = preProject
		BuildTools\GenericNumericsPreprocessor.exe = BuildTools\GenericNumericsPreprocessor.exe
	EndProjectSection
EndProject
Global
	GlobalSection(SolutionConfigurationPlatforms) = preSolution
		Linux-CPU-Debug|Any CPU = Linux-CPU-Debug|Any CPU
		Linux-CPU-Release|Any CPU = Linux-CPU-Release|Any CPU
		Linux-GPU-Debug|Any CPU = Linux-GPU-Debug|Any CPU
		Linux-GPU-Release|Any CPU = Linux-GPU-Release|Any CPU
		MacOS-CPU-Debug|Any CPU = MacOS-CPU-Debug|Any CPU
		MacOS-CPU-Release|Any CPU = MacOS-CPU-Release|Any CPU
		Win-CPU-Debug|Any CPU = Win-CPU-Debug|Any CPU
		Win-CPU-Release|Any CPU = Win-CPU-Release|Any CPU
		Win-GPU-Debug|Any CPU = Win-GPU-Debug|Any CPU
		Win-GPU-Release|Any CPU = Win-GPU-Release|Any CPU
	EndGlobalSection
	GlobalSection(ProjectConfigurationPlatforms) = postSolution
		{427A0A38-13BC-47C0-9C76-C54DD21EA322}.Linux-CPU-Debug|Any CPU.ActiveCfg = Linux-CPU-Debug|Any CPU
		{427A0A38-13BC-47C0-9C76-C54DD21EA322}.Linux-CPU-Debug|Any CPU.Build.0 = Linux-CPU-Debug|Any CPU
		{427A0A38-13BC-47C0-9C76-C54DD21EA322}.Linux-CPU-Release|Any CPU.ActiveCfg = Linux-CPU-Release|Any CPU
		{427A0A38-13BC-47C0-9C76-C54DD21EA322}.Linux-CPU-Release|Any CPU.Build.0 = Linux-CPU-Release|Any CPU
		{427A0A38-13BC-47C0-9C76-C54DD21EA322}.Linux-GPU-Debug|Any CPU.ActiveCfg = Linux-GPU-Debug|Any CPU
		{427A0A38-13BC-47C0-9C76-C54DD21EA322}.Linux-GPU-Debug|Any CPU.Build.0 = Linux-GPU-Debug|Any CPU
		{427A0A38-13BC-47C0-9C76-C54DD21EA322}.Linux-GPU-Release|Any CPU.ActiveCfg = Linux-GPU-Release|Any CPU
		{427A0A38-13BC-47C0-9C76-C54DD21EA322}.Linux-GPU-Release|Any CPU.Build.0 = Linux-GPU-Release|Any CPU
		{427A0A38-13BC-47C0-9C76-C54DD21EA322}.MacOS-CPU-Debug|Any CPU.ActiveCfg = MacOS-CPU-Debug|Any CPU
		{427A0A38-13BC-47C0-9C76-C54DD21EA322}.MacOS-CPU-Debug|Any CPU.Build.0 = MacOS-CPU-Debug|Any CPU
		{427A0A38-13BC-47C0-9C76-C54DD21EA322}.MacOS-CPU-Release|Any CPU.ActiveCfg = MacOS-CPU-Release|Any CPU
		{427A0A38-13BC-47C0-9C76-C54DD21EA322}.MacOS-CPU-Release|Any CPU.Build.0 = MacOS-CPU-Release|Any CPU
		{427A0A38-13BC-47C0-9C76-C54DD21EA322}.Win-CPU-Debug|Any CPU.ActiveCfg = Win-CPU-Debug|Any CPU
		{427A0A38-13BC-47C0-9C76-C54DD21EA322}.Win-CPU-Debug|Any CPU.Build.0 = Win-CPU-Debug|Any CPU
		{427A0A38-13BC-47C0-9C76-C54DD21EA322}.Win-CPU-Release|Any CPU.ActiveCfg = Win-CPU-Release|Any CPU
		{427A0A38-13BC-47C0-9C76-C54DD21EA322}.Win-CPU-Release|Any CPU.Build.0 = Win-CPU-Release|Any CPU
		{427A0A38-13BC-47C0-9C76-C54DD21EA322}.Win-GPU-Debug|Any CPU.ActiveCfg = Win-GPU-Debug|Any CPU
		{427A0A38-13BC-47C0-9C76-C54DD21EA322}.Win-GPU-Debug|Any CPU.Build.0 = Win-GPU-Debug|Any CPU
		{427A0A38-13BC-47C0-9C76-C54DD21EA322}.Win-GPU-Release|Any CPU.ActiveCfg = Win-GPU-Release|Any CPU
		{427A0A38-13BC-47C0-9C76-C54DD21EA322}.Win-GPU-Release|Any CPU.Build.0 = Win-GPU-Release|Any CPU
		{E181E0F0-838D-47FA-B66C-2468AF389453}.Linux-CPU-Debug|Any CPU.ActiveCfg = Linux-CPU-Debug|Any CPU
		{E181E0F0-838D-47FA-B66C-2468AF389453}.Linux-CPU-Debug|Any CPU.Build.0 = Linux-CPU-Debug|Any CPU
		{E181E0F0-838D-47FA-B66C-2468AF389453}.Linux-CPU-Release|Any CPU.ActiveCfg = Linux-CPU-Release|Any CPU
		{E181E0F0-838D-47FA-B66C-2468AF389453}.Linux-CPU-Release|Any CPU.Build.0 = Linux-CPU-Release|Any CPU
		{E181E0F0-838D-47FA-B66C-2468AF389453}.Linux-GPU-Debug|Any CPU.ActiveCfg = Linux-GPU-Debug|Any CPU
		{E181E0F0-838D-47FA-B66C-2468AF389453}.Linux-GPU-Debug|Any CPU.Build.0 = Linux-GPU-Debug|Any CPU
		{E181E0F0-838D-47FA-B66C-2468AF389453}.Linux-GPU-Release|Any CPU.ActiveCfg = Linux-GPU-Release|Any CPU
		{E181E0F0-838D-47FA-B66C-2468AF389453}.Linux-GPU-Release|Any CPU.Build.0 = Linux-GPU-Release|Any CPU
		{E181E0F0-838D-47FA-B66C-2468AF389453}.MacOS-CPU-Debug|Any CPU.ActiveCfg = MacOS-CPU-Debug|Any CPU
		{E181E0F0-838D-47FA-B66C-2468AF389453}.MacOS-CPU-Debug|Any CPU.Build.0 = MacOS-CPU-Debug|Any CPU
		{E181E0F0-838D-47FA-B66C-2468AF389453}.MacOS-CPU-Release|Any CPU.ActiveCfg = MacOS-CPU-Release|Any CPU
		{E181E0F0-838D-47FA-B66C-2468AF389453}.MacOS-CPU-Release|Any CPU.Build.0 = MacOS-CPU-Release|Any CPU
		{E181E0F0-838D-47FA-B66C-2468AF389453}.Win-CPU-Debug|Any CPU.ActiveCfg = Win-CPU-Debug|Any CPU
		{E181E0F0-838D-47FA-B66C-2468AF389453}.Win-CPU-Debug|Any CPU.Build.0 = Win-CPU-Debug|Any CPU
		{E181E0F0-838D-47FA-B66C-2468AF389453}.Win-CPU-Release|Any CPU.ActiveCfg = Win-CPU-Release|Any CPU
		{E181E0F0-838D-47FA-B66C-2468AF389453}.Win-CPU-Release|Any CPU.Build.0 = Win-CPU-Release|Any CPU
		{E181E0F0-838D-47FA-B66C-2468AF389453}.Win-GPU-Debug|Any CPU.ActiveCfg = Win-GPU-Debug|Any CPU
		{E181E0F0-838D-47FA-B66C-2468AF389453}.Win-GPU-Debug|Any CPU.Build.0 = Win-GPU-Debug|Any CPU
		{E181E0F0-838D-47FA-B66C-2468AF389453}.Win-GPU-Release|Any CPU.ActiveCfg = Win-GPU-Release|Any CPU
		{E181E0F0-838D-47FA-B66C-2468AF389453}.Win-GPU-Release|Any CPU.Build.0 = Win-GPU-Release|Any CPU
		{49DF0B19-F10C-4602-B584-61A8D855063F}.Linux-CPU-Debug|Any CPU.ActiveCfg = Linux-CPU-Debug|Any CPU
		{49DF0B19-F10C-4602-B584-61A8D855063F}.Linux-CPU-Debug|Any CPU.Build.0 = Linux-CPU-Debug|Any CPU
		{49DF0B19-F10C-4602-B584-61A8D855063F}.Linux-CPU-Release|Any CPU.ActiveCfg = Linux-CPU-Release|Any CPU
		{49DF0B19-F10C-4602-B584-61A8D855063F}.Linux-CPU-Release|Any CPU.Build.0 = Linux-CPU-Release|Any CPU
		{49DF0B19-F10C-4602-B584-61A8D855063F}.Linux-GPU-Debug|Any CPU.ActiveCfg = Linux-GPU-Debug|Any CPU
		{49DF0B19-F10C-4602-B584-61A8D855063F}.Linux-GPU-Debug|Any CPU.Build.0 = Linux-GPU-Debug|Any CPU
		{49DF0B19-F10C-4602-B584-61A8D855063F}.Linux-GPU-Release|Any CPU.ActiveCfg = Linux-GPU-Release|Any CPU
		{49DF0B19-F10C-4602-B584-61A8D855063F}.Linux-GPU-Release|Any CPU.Build.0 = Linux-GPU-Release|Any CPU
		{49DF0B19-F10C-4602-B584-61A8D855063F}.MacOS-CPU-Debug|Any CPU.ActiveCfg = MacOS-CPU-Debug|Any CPU
		{49DF0B19-F10C-4602-B584-61A8D855063F}.MacOS-CPU-Debug|Any CPU.Build.0 = MacOS-CPU-Debug|Any CPU
		{49DF0B19-F10C-4602-B584-61A8D855063F}.MacOS-CPU-Release|Any CPU.ActiveCfg = MacOS-CPU-Release|Any CPU
		{49DF0B19-F10C-4602-B584-61A8D855063F}.MacOS-CPU-Release|Any CPU.Build.0 = MacOS-CPU-Release|Any CPU
		{49DF0B19-F10C-4602-B584-61A8D855063F}.Win-CPU-Debug|Any CPU.ActiveCfg = Win-CPU-Debug|Any CPU
		{49DF0B19-F10C-4602-B584-61A8D855063F}.Win-CPU-Debug|Any CPU.Build.0 = Win-CPU-Debug|Any CPU
		{49DF0B19-F10C-4602-B584-61A8D855063F}.Win-CPU-Release|Any CPU.ActiveCfg = Win-CPU-Release|Any CPU
		{49DF0B19-F10C-4602-B584-61A8D855063F}.Win-CPU-Release|Any CPU.Build.0 = Win-CPU-Release|Any CPU
		{49DF0B19-F10C-4602-B584-61A8D855063F}.Win-GPU-Debug|Any CPU.ActiveCfg = Win-GPU-Debug|Any CPU
		{49DF0B19-F10C-4602-B584-61A8D855063F}.Win-GPU-Debug|Any CPU.Build.0 = Win-GPU-Debug|Any CPU
		{49DF0B19-F10C-4602-B584-61A8D855063F}.Win-GPU-Release|Any CPU.ActiveCfg = Win-GPU-Release|Any CPU
		{49DF0B19-F10C-4602-B584-61A8D855063F}.Win-GPU-Release|Any CPU.Build.0 = Win-GPU-Release|Any CPU
		{ECE1BC92-BA04-4A0E-826B-7E71158B1F2B}.Linux-CPU-Debug|Any CPU.ActiveCfg = Linux-CPU-Debug|Any CPU
		{ECE1BC92-BA04-4A0E-826B-7E71158B1F2B}.Linux-CPU-Debug|Any CPU.Build.0 = Linux-CPU-Debug|Any CPU
		{ECE1BC92-BA04-4A0E-826B-7E71158B1F2B}.Linux-CPU-Release|Any CPU.ActiveCfg = Linux-CPU-Release|Any CPU
		{ECE1BC92-BA04-4A0E-826B-7E71158B1F2B}.Linux-CPU-Release|Any CPU.Build.0 = Linux-CPU-Release|Any CPU
		{ECE1BC92-BA04-4A0E-826B-7E71158B1F2B}.Linux-GPU-Debug|Any CPU.ActiveCfg = Linux-GPU-Debug|Any CPU
		{ECE1BC92-BA04-4A0E-826B-7E71158B1F2B}.Linux-GPU-Debug|Any CPU.Build.0 = Linux-GPU-Debug|Any CPU
		{ECE1BC92-BA04-4A0E-826B-7E71158B1F2B}.Linux-GPU-Release|Any CPU.ActiveCfg = Linux-GPU-Release|Any CPU
		{ECE1BC92-BA04-4A0E-826B-7E71158B1F2B}.Linux-GPU-Release|Any CPU.Build.0 = Linux-GPU-Release|Any CPU
		{ECE1BC92-BA04-4A0E-826B-7E71158B1F2B}.MacOS-CPU-Debug|Any CPU.ActiveCfg = MacOS-CPU-Debug|Any CPU
		{ECE1BC92-BA04-4A0E-826B-7E71158B1F2B}.MacOS-CPU-Debug|Any CPU.Build.0 = MacOS-CPU-Debug|Any CPU
		{ECE1BC92-BA04-4A0E-826B-7E71158B1F2B}.MacOS-CPU-Release|Any CPU.ActiveCfg = MacOS-CPU-Release|Any CPU
		{ECE1BC92-BA04-4A0E-826B-7E71158B1F2B}.MacOS-CPU-Release|Any CPU.Build.0 = MacOS-CPU-Release|Any CPU
		{ECE1BC92-BA04-4A0E-826B-7E71158B1F2B}.Win-CPU-Debug|Any CPU.ActiveCfg = Win-CPU-Debug|Any CPU
		{ECE1BC92-BA04-4A0E-826B-7E71158B1F2B}.Win-CPU-Debug|Any CPU.Build.0 = Win-CPU-Debug|Any CPU
		{ECE1BC92-BA04-4A0E-826B-7E71158B1F2B}.Win-CPU-Release|Any CPU.ActiveCfg = Win-CPU-Release|Any CPU
		{ECE1BC92-BA04-4A0E-826B-7E71158B1F2B}.Win-CPU-Release|Any CPU.Build.0 = Win-CPU-Release|Any CPU
		{ECE1BC92-BA04-4A0E-826B-7E71158B1F2B}.Win-GPU-Debug|Any CPU.ActiveCfg = Win-GPU-Debug|Any CPU
		{ECE1BC92-BA04-4A0E-826B-7E71158B1F2B}.Win-GPU-Debug|Any CPU.Build.0 = Win-GPU-Debug|Any CPU
		{ECE1BC92-BA04-4A0E-826B-7E71158B1F2B}.Win-GPU-Release|Any CPU.ActiveCfg = Win-GPU-Release|Any CPU
		{ECE1BC92-BA04-4A0E-826B-7E71158B1F2B}.Win-GPU-Release|Any CPU.Build.0 = Win-GPU-Release|Any CPU
		{09742F3B-13F3-4590-B108-1ACFFA408592}.Linux-CPU-Debug|Any CPU.ActiveCfg = Linux-CPU-Debug|Any CPU
		{09742F3B-13F3-4590-B108-1ACFFA408592}.Linux-CPU-Debug|Any CPU.Build.0 = Linux-CPU-Debug|Any CPU
		{09742F3B-13F3-4590-B108-1ACFFA408592}.Linux-CPU-Release|Any CPU.ActiveCfg = Linux-CPU-Release|Any CPU
		{09742F3B-13F3-4590-B108-1ACFFA408592}.Linux-CPU-Release|Any CPU.Build.0 = Linux-CPU-Release|Any CPU
		{09742F3B-13F3-4590-B108-1ACFFA408592}.Linux-GPU-Debug|Any CPU.ActiveCfg = Linux-GPU-Debug|Any CPU
		{09742F3B-13F3-4590-B108-1ACFFA408592}.Linux-GPU-Debug|Any CPU.Build.0 = Linux-GPU-Debug|Any CPU
		{09742F3B-13F3-4590-B108-1ACFFA408592}.Linux-GPU-Release|Any CPU.ActiveCfg = Linux-GPU-Release|Any CPU
		{09742F3B-13F3-4590-B108-1ACFFA408592}.Linux-GPU-Release|Any CPU.Build.0 = Linux-GPU-Release|Any CPU
		{09742F3B-13F3-4590-B108-1ACFFA408592}.MacOS-CPU-Debug|Any CPU.ActiveCfg = MacOS-CPU-Debug|Any CPU
		{09742F3B-13F3-4590-B108-1ACFFA408592}.MacOS-CPU-Debug|Any CPU.Build.0 = MacOS-CPU-Debug|Any CPU
		{09742F3B-13F3-4590-B108-1ACFFA408592}.MacOS-CPU-Release|Any CPU.ActiveCfg = MacOS-CPU-Release|Any CPU
		{09742F3B-13F3-4590-B108-1ACFFA408592}.MacOS-CPU-Release|Any CPU.Build.0 = MacOS-CPU-Release|Any CPU
		{09742F3B-13F3-4590-B108-1ACFFA408592}.Win-CPU-Debug|Any CPU.ActiveCfg = Win-CPU-Debug|Any CPU
		{09742F3B-13F3-4590-B108-1ACFFA408592}.Win-CPU-Debug|Any CPU.Build.0 = Win-CPU-Debug|Any CPU
		{09742F3B-13F3-4590-B108-1ACFFA408592}.Win-CPU-Release|Any CPU.ActiveCfg = Win-CPU-Release|Any CPU
		{09742F3B-13F3-4590-B108-1ACFFA408592}.Win-CPU-Release|Any CPU.Build.0 = Win-CPU-Release|Any CPU
		{09742F3B-13F3-4590-B108-1ACFFA408592}.Win-GPU-Debug|Any CPU.ActiveCfg = Win-GPU-Debug|Any CPU
		{09742F3B-13F3-4590-B108-1ACFFA408592}.Win-GPU-Debug|Any CPU.Build.0 = Win-GPU-Debug|Any CPU
		{09742F3B-13F3-4590-B108-1ACFFA408592}.Win-GPU-Release|Any CPU.ActiveCfg = Win-GPU-Release|Any CPU
		{09742F3B-13F3-4590-B108-1ACFFA408592}.Win-GPU-Release|Any CPU.Build.0 = Win-GPU-Release|Any CPU
	EndGlobalSection
	GlobalSection(SolutionProperties) = preSolution
		HideSolutionNode = FALSE
	EndGlobalSection
	GlobalSection(NestedProjects) = preSolution
		{F0FF5B21-3F7D-4D2F-974C-6713A2D00743} = {80D21E34-2A14-4D0E-9F8E-7AB34A12A719}
	EndGlobalSection
	GlobalSection(ExtensibilityGlobals) = postSolution
		SolutionGuid = {32315B05-6061-41AF-987A-F687C30C50C5}
	EndGlobalSection
EndGlobal
