
Microsoft Visual Studio Solution File, Format Version 12.00
# Visual Studio Version 17
VisualStudioVersion = 17.5.002.0
MinimumVisualStudioVersion = 10.0.40219.1
Project("{9A19103F-16F7-4668-BE54-9A1E7A4F7556}") = "FlipProof.Image", "FlipProof.Image\FlipProof.Image.csproj", "{427A0A38-13BC-47C0-9C76-C54DD21EA322}"
	ProjectSection(ProjectDependencies) = postProject
		{4F371B00-62A3-4A86-B20D-702E4BACCB71} = {4F371B00-62A3-4A86-B20D-702E4BACCB71}
	EndProjectSection
EndProject
Project("{9A19103F-16F7-4668-BE54-9A1E7A4F7556}") = "FlipProof.ImageTests", "FlipProof.ImageTests\FlipProof.ImageTests.csproj", "{E181E0F0-838D-47FA-B66C-2468AF389453}"
EndProject
Project("{9A19103F-16F7-4668-BE54-9A1E7A4F7556}") = "FlipProof.Torch", "FlipProof.Torch\FlipProof.Torch.csproj", "{49DF0B19-F10C-4602-B584-61A8D855063F}"
	ProjectSection(ProjectDependencies) = postProject
		{4F371B00-62A3-4A86-B20D-702E4BACCB71} = {4F371B00-62A3-4A86-B20D-702E4BACCB71}
	EndProjectSection
EndProject
Project("{9A19103F-16F7-4668-BE54-9A1E7A4F7556}") = "FlipProof.TorchTests", "FlipProof.TorchTests\FlipProof.TorchTests.csproj", "{ECE1BC92-BA04-4A0E-826B-7E71158B1F2B}"
EndProject
Project("{9A19103F-16F7-4668-BE54-9A1E7A4F7556}") = "FlipProof.Base", "FlipProof.Base\FlipProof.Base.csproj", "{09742F3B-13F3-4590-B108-1ACFFA408592}"
EndProject
Project("{2150E333-8FDC-42A3-9474-1A3956D46DE8}") = "Solution Items", "Solution Items", "{80D21E34-2A14-4D0E-9F8E-7AB34A12A719}"
	ProjectSection(SolutionItems) = preProject
		.editorconfig = .editorconfig
		base.props = base.props
		itk-dependent.props = itk-dependent.props
		.github\workflows\linux-cpu.yml = .github\workflows\linux-cpu.yml
		README.md = README.md
		.github\workflows\windows-cpu.yml = .github\workflows\windows-cpu.yml
	EndProjectSection
EndProject
Project("{FAE04EC0-301F-11D3-BF4B-00C04F79EFBC}") = "CSharpTemplates", "csharp-templates\CSharpTemplates\CSharpTemplates.csproj", "{4F371B00-62A3-4A86-B20D-702E4BACCB71}"
EndProject
Project("{2150E333-8FDC-42A3-9474-1A3956D46DE8}") = "Build", "Build", "{11BEF17D-BE7A-40B3-85AE-B7C9E3C177A7}"
EndProject
Project("{888888A0-9F3D-457C-B088-3A5042F75D52}") = "PythonExample", "PythonExample\PythonExample.pyproj", "{03E835E2-A7F8-4108-A70F-4A3D7089FF0F}"
EndProject
Project("{FAE04EC0-301F-11D3-BF4B-00C04F79EFBC}") = "FlipProof.ITK", "FlipProof.ITK\FlipProof.ITK.csproj", "{AB60FC1C-FB69-4E31-B147-EC135B460006}"
EndProject
Project("{9A19103F-16F7-4668-BE54-9A1E7A4F7556}") = "FlipProof.ITK.Tests", "FlipProof.ITK.Tests\FlipProof.ITK.Tests.csproj", "{DEE87148-C9D8-4410-BE73-59EE48C1C3D4}"
EndProject
Project("{FAE04EC0-301F-11D3-BF4B-00C04F79EFBC}") = "CSharpExample", "CSharpExample\CSharpExample.csproj", "{3B00C57E-4E0A-42F6-8EC7-EDDC295D56BE}"
EndProject
Global
	GlobalSection(SolutionConfigurationPlatforms) = preSolution
		Debug|Any CPU = Debug|Any CPU
		Debug|x64 = Debug|x64
		Debug|x86 = Debug|x86
		Linux-CPU-Debug|Any CPU = Linux-CPU-Debug|Any CPU
		Linux-CPU-Debug|x64 = Linux-CPU-Debug|x64
		Linux-CPU-Debug|x86 = Linux-CPU-Debug|x86
		Linux-CPU-Release|Any CPU = Linux-CPU-Release|Any CPU
		Linux-CPU-Release|x64 = Linux-CPU-Release|x64
		Linux-CPU-Release|x86 = Linux-CPU-Release|x86
		Linux-GPU-Debug|Any CPU = Linux-GPU-Debug|Any CPU
		Linux-GPU-Debug|x64 = Linux-GPU-Debug|x64
		Linux-GPU-Debug|x86 = Linux-GPU-Debug|x86
		Linux-GPU-Release|Any CPU = Linux-GPU-Release|Any CPU
		Linux-GPU-Release|x64 = Linux-GPU-Release|x64
		Linux-GPU-Release|x86 = Linux-GPU-Release|x86
		MacOS-CPU-Debug|Any CPU = MacOS-CPU-Debug|Any CPU
		MacOS-CPU-Debug|x64 = MacOS-CPU-Debug|x64
		MacOS-CPU-Debug|x86 = MacOS-CPU-Debug|x86
		MacOS-CPU-Release|Any CPU = MacOS-CPU-Release|Any CPU
		MacOS-CPU-Release|x64 = MacOS-CPU-Release|x64
		MacOS-CPU-Release|x86 = MacOS-CPU-Release|x86
		Release|Any CPU = Release|Any CPU
		Release|x64 = Release|x64
		Release|x86 = Release|x86
		Win-CPU-Debug|Any CPU = Win-CPU-Debug|Any CPU
		Win-CPU-Debug|x64 = Win-CPU-Debug|x64
		Win-CPU-Debug|x86 = Win-CPU-Debug|x86
		Win-CPU-Release|Any CPU = Win-CPU-Release|Any CPU
		Win-CPU-Release|x64 = Win-CPU-Release|x64
		Win-CPU-Release|x86 = Win-CPU-Release|x86
		Win-GPU-Debug|Any CPU = Win-GPU-Debug|Any CPU
		Win-GPU-Debug|x64 = Win-GPU-Debug|x64
		Win-GPU-Debug|x86 = Win-GPU-Debug|x86
		Win-GPU-Release|Any CPU = Win-GPU-Release|Any CPU
		Win-GPU-Release|x64 = Win-GPU-Release|x64
		Win-GPU-Release|x86 = Win-GPU-Release|x86
	EndGlobalSection
	GlobalSection(ProjectConfigurationPlatforms) = postSolution
		{427A0A38-13BC-47C0-9C76-C54DD21EA322}.Debug|Any CPU.ActiveCfg = Win-GPU-Debug|Any CPU
		{427A0A38-13BC-47C0-9C76-C54DD21EA322}.Debug|Any CPU.Build.0 = Win-GPU-Debug|Any CPU
		{427A0A38-13BC-47C0-9C76-C54DD21EA322}.Debug|x64.ActiveCfg = Win-CPU-Release|Any CPU
		{427A0A38-13BC-47C0-9C76-C54DD21EA322}.Debug|x64.Build.0 = Win-CPU-Release|Any CPU
		{427A0A38-13BC-47C0-9C76-C54DD21EA322}.Debug|x86.ActiveCfg = Win-CPU-Release|Any CPU
		{427A0A38-13BC-47C0-9C76-C54DD21EA322}.Debug|x86.Build.0 = Win-CPU-Release|Any CPU
		{427A0A38-13BC-47C0-9C76-C54DD21EA322}.Linux-CPU-Debug|Any CPU.ActiveCfg = Linux-CPU-Debug|Any CPU
		{427A0A38-13BC-47C0-9C76-C54DD21EA322}.Linux-CPU-Debug|Any CPU.Build.0 = Linux-CPU-Debug|Any CPU
		{427A0A38-13BC-47C0-9C76-C54DD21EA322}.Linux-CPU-Debug|x64.ActiveCfg = Linux-CPU-Debug|Any CPU
		{427A0A38-13BC-47C0-9C76-C54DD21EA322}.Linux-CPU-Debug|x64.Build.0 = Linux-CPU-Debug|Any CPU
		{427A0A38-13BC-47C0-9C76-C54DD21EA322}.Linux-CPU-Debug|x86.ActiveCfg = Linux-CPU-Debug|Any CPU
		{427A0A38-13BC-47C0-9C76-C54DD21EA322}.Linux-CPU-Debug|x86.Build.0 = Linux-CPU-Debug|Any CPU
		{427A0A38-13BC-47C0-9C76-C54DD21EA322}.Linux-CPU-Release|Any CPU.ActiveCfg = Linux-CPU-Release|Any CPU
		{427A0A38-13BC-47C0-9C76-C54DD21EA322}.Linux-CPU-Release|Any CPU.Build.0 = Linux-CPU-Release|Any CPU
		{427A0A38-13BC-47C0-9C76-C54DD21EA322}.Linux-CPU-Release|x64.ActiveCfg = Linux-CPU-Release|Any CPU
		{427A0A38-13BC-47C0-9C76-C54DD21EA322}.Linux-CPU-Release|x64.Build.0 = Linux-CPU-Release|Any CPU
		{427A0A38-13BC-47C0-9C76-C54DD21EA322}.Linux-CPU-Release|x86.ActiveCfg = Linux-CPU-Release|Any CPU
		{427A0A38-13BC-47C0-9C76-C54DD21EA322}.Linux-CPU-Release|x86.Build.0 = Linux-CPU-Release|Any CPU
		{427A0A38-13BC-47C0-9C76-C54DD21EA322}.Linux-GPU-Debug|Any CPU.ActiveCfg = Linux-GPU-Debug|Any CPU
		{427A0A38-13BC-47C0-9C76-C54DD21EA322}.Linux-GPU-Debug|Any CPU.Build.0 = Linux-GPU-Debug|Any CPU
		{427A0A38-13BC-47C0-9C76-C54DD21EA322}.Linux-GPU-Debug|x64.ActiveCfg = Linux-GPU-Debug|Any CPU
		{427A0A38-13BC-47C0-9C76-C54DD21EA322}.Linux-GPU-Debug|x64.Build.0 = Linux-GPU-Debug|Any CPU
		{427A0A38-13BC-47C0-9C76-C54DD21EA322}.Linux-GPU-Debug|x86.ActiveCfg = Linux-GPU-Debug|Any CPU
		{427A0A38-13BC-47C0-9C76-C54DD21EA322}.Linux-GPU-Debug|x86.Build.0 = Linux-GPU-Debug|Any CPU
		{427A0A38-13BC-47C0-9C76-C54DD21EA322}.Linux-GPU-Release|Any CPU.ActiveCfg = Linux-GPU-Release|Any CPU
		{427A0A38-13BC-47C0-9C76-C54DD21EA322}.Linux-GPU-Release|Any CPU.Build.0 = Linux-GPU-Release|Any CPU
		{427A0A38-13BC-47C0-9C76-C54DD21EA322}.Linux-GPU-Release|x64.ActiveCfg = Linux-GPU-Release|Any CPU
		{427A0A38-13BC-47C0-9C76-C54DD21EA322}.Linux-GPU-Release|x64.Build.0 = Linux-GPU-Release|Any CPU
		{427A0A38-13BC-47C0-9C76-C54DD21EA322}.Linux-GPU-Release|x86.ActiveCfg = Linux-GPU-Release|Any CPU
		{427A0A38-13BC-47C0-9C76-C54DD21EA322}.Linux-GPU-Release|x86.Build.0 = Linux-GPU-Release|Any CPU
		{427A0A38-13BC-47C0-9C76-C54DD21EA322}.MacOS-CPU-Debug|Any CPU.ActiveCfg = MacOS-CPU-Debug|Any CPU
		{427A0A38-13BC-47C0-9C76-C54DD21EA322}.MacOS-CPU-Debug|Any CPU.Build.0 = MacOS-CPU-Debug|Any CPU
		{427A0A38-13BC-47C0-9C76-C54DD21EA322}.MacOS-CPU-Debug|x64.ActiveCfg = MacOS-CPU-Debug|Any CPU
		{427A0A38-13BC-47C0-9C76-C54DD21EA322}.MacOS-CPU-Debug|x64.Build.0 = MacOS-CPU-Debug|Any CPU
		{427A0A38-13BC-47C0-9C76-C54DD21EA322}.MacOS-CPU-Debug|x86.ActiveCfg = MacOS-CPU-Debug|Any CPU
		{427A0A38-13BC-47C0-9C76-C54DD21EA322}.MacOS-CPU-Debug|x86.Build.0 = MacOS-CPU-Debug|Any CPU
		{427A0A38-13BC-47C0-9C76-C54DD21EA322}.MacOS-CPU-Release|Any CPU.ActiveCfg = MacOS-CPU-Release|Any CPU
		{427A0A38-13BC-47C0-9C76-C54DD21EA322}.MacOS-CPU-Release|Any CPU.Build.0 = MacOS-CPU-Release|Any CPU
		{427A0A38-13BC-47C0-9C76-C54DD21EA322}.MacOS-CPU-Release|x64.ActiveCfg = MacOS-CPU-Release|Any CPU
		{427A0A38-13BC-47C0-9C76-C54DD21EA322}.MacOS-CPU-Release|x64.Build.0 = MacOS-CPU-Release|Any CPU
		{427A0A38-13BC-47C0-9C76-C54DD21EA322}.MacOS-CPU-Release|x86.ActiveCfg = MacOS-CPU-Release|Any CPU
		{427A0A38-13BC-47C0-9C76-C54DD21EA322}.MacOS-CPU-Release|x86.Build.0 = MacOS-CPU-Release|Any CPU
		{427A0A38-13BC-47C0-9C76-C54DD21EA322}.Release|Any CPU.ActiveCfg = Win-GPU-Release|Any CPU
		{427A0A38-13BC-47C0-9C76-C54DD21EA322}.Release|Any CPU.Build.0 = Win-GPU-Release|Any CPU
		{427A0A38-13BC-47C0-9C76-C54DD21EA322}.Release|x64.ActiveCfg = Win-CPU-Release|Any CPU
		{427A0A38-13BC-47C0-9C76-C54DD21EA322}.Release|x64.Build.0 = Win-CPU-Release|Any CPU
		{427A0A38-13BC-47C0-9C76-C54DD21EA322}.Release|x86.ActiveCfg = Win-CPU-Release|Any CPU
		{427A0A38-13BC-47C0-9C76-C54DD21EA322}.Release|x86.Build.0 = Win-CPU-Release|Any CPU
		{427A0A38-13BC-47C0-9C76-C54DD21EA322}.Win-CPU-Debug|Any CPU.ActiveCfg = Win-CPU-Debug|Any CPU
		{427A0A38-13BC-47C0-9C76-C54DD21EA322}.Win-CPU-Debug|Any CPU.Build.0 = Win-CPU-Debug|Any CPU
		{427A0A38-13BC-47C0-9C76-C54DD21EA322}.Win-CPU-Debug|x64.ActiveCfg = Win-CPU-Debug|Any CPU
		{427A0A38-13BC-47C0-9C76-C54DD21EA322}.Win-CPU-Debug|x64.Build.0 = Win-CPU-Debug|Any CPU
		{427A0A38-13BC-47C0-9C76-C54DD21EA322}.Win-CPU-Debug|x86.ActiveCfg = Win-CPU-Debug|Any CPU
		{427A0A38-13BC-47C0-9C76-C54DD21EA322}.Win-CPU-Debug|x86.Build.0 = Win-CPU-Debug|Any CPU
		{427A0A38-13BC-47C0-9C76-C54DD21EA322}.Win-CPU-Release|Any CPU.ActiveCfg = Win-CPU-Release|Any CPU
		{427A0A38-13BC-47C0-9C76-C54DD21EA322}.Win-CPU-Release|Any CPU.Build.0 = Win-CPU-Release|Any CPU
		{427A0A38-13BC-47C0-9C76-C54DD21EA322}.Win-CPU-Release|x64.ActiveCfg = Win-CPU-Release|Any CPU
		{427A0A38-13BC-47C0-9C76-C54DD21EA322}.Win-CPU-Release|x64.Build.0 = Win-CPU-Release|Any CPU
		{427A0A38-13BC-47C0-9C76-C54DD21EA322}.Win-CPU-Release|x86.ActiveCfg = Win-CPU-Release|Any CPU
		{427A0A38-13BC-47C0-9C76-C54DD21EA322}.Win-CPU-Release|x86.Build.0 = Win-CPU-Release|Any CPU
		{427A0A38-13BC-47C0-9C76-C54DD21EA322}.Win-GPU-Debug|Any CPU.ActiveCfg = Win-GPU-Debug|Any CPU
		{427A0A38-13BC-47C0-9C76-C54DD21EA322}.Win-GPU-Debug|Any CPU.Build.0 = Win-GPU-Debug|Any CPU
		{427A0A38-13BC-47C0-9C76-C54DD21EA322}.Win-GPU-Debug|x64.ActiveCfg = Win-GPU-Debug|Any CPU
		{427A0A38-13BC-47C0-9C76-C54DD21EA322}.Win-GPU-Debug|x64.Build.0 = Win-GPU-Debug|Any CPU
		{427A0A38-13BC-47C0-9C76-C54DD21EA322}.Win-GPU-Debug|x86.ActiveCfg = Win-GPU-Debug|Any CPU
		{427A0A38-13BC-47C0-9C76-C54DD21EA322}.Win-GPU-Debug|x86.Build.0 = Win-GPU-Debug|Any CPU
		{427A0A38-13BC-47C0-9C76-C54DD21EA322}.Win-GPU-Release|Any CPU.ActiveCfg = Win-GPU-Release|Any CPU
		{427A0A38-13BC-47C0-9C76-C54DD21EA322}.Win-GPU-Release|Any CPU.Build.0 = Win-GPU-Release|Any CPU
		{427A0A38-13BC-47C0-9C76-C54DD21EA322}.Win-GPU-Release|x64.ActiveCfg = Win-GPU-Release|Any CPU
		{427A0A38-13BC-47C0-9C76-C54DD21EA322}.Win-GPU-Release|x64.Build.0 = Win-GPU-Release|Any CPU
		{427A0A38-13BC-47C0-9C76-C54DD21EA322}.Win-GPU-Release|x86.ActiveCfg = Win-GPU-Release|Any CPU
		{427A0A38-13BC-47C0-9C76-C54DD21EA322}.Win-GPU-Release|x86.Build.0 = Win-GPU-Release|Any CPU
		{E181E0F0-838D-47FA-B66C-2468AF389453}.Debug|Any CPU.ActiveCfg = Win-GPU-Debug|Any CPU
		{E181E0F0-838D-47FA-B66C-2468AF389453}.Debug|Any CPU.Build.0 = Win-GPU-Debug|Any CPU
		{E181E0F0-838D-47FA-B66C-2468AF389453}.Debug|x64.ActiveCfg = Win-CPU-Release|Any CPU
		{E181E0F0-838D-47FA-B66C-2468AF389453}.Debug|x64.Build.0 = Win-CPU-Release|Any CPU
		{E181E0F0-838D-47FA-B66C-2468AF389453}.Debug|x86.ActiveCfg = Win-CPU-Release|Any CPU
		{E181E0F0-838D-47FA-B66C-2468AF389453}.Debug|x86.Build.0 = Win-CPU-Release|Any CPU
		{E181E0F0-838D-47FA-B66C-2468AF389453}.Linux-CPU-Debug|Any CPU.ActiveCfg = Linux-CPU-Debug|Any CPU
		{E181E0F0-838D-47FA-B66C-2468AF389453}.Linux-CPU-Debug|Any CPU.Build.0 = Linux-CPU-Debug|Any CPU
		{E181E0F0-838D-47FA-B66C-2468AF389453}.Linux-CPU-Debug|x64.ActiveCfg = Linux-CPU-Debug|Any CPU
		{E181E0F0-838D-47FA-B66C-2468AF389453}.Linux-CPU-Debug|x64.Build.0 = Linux-CPU-Debug|Any CPU
		{E181E0F0-838D-47FA-B66C-2468AF389453}.Linux-CPU-Debug|x86.ActiveCfg = Linux-CPU-Debug|Any CPU
		{E181E0F0-838D-47FA-B66C-2468AF389453}.Linux-CPU-Debug|x86.Build.0 = Linux-CPU-Debug|Any CPU
		{E181E0F0-838D-47FA-B66C-2468AF389453}.Linux-CPU-Release|Any CPU.ActiveCfg = Linux-CPU-Release|Any CPU
		{E181E0F0-838D-47FA-B66C-2468AF389453}.Linux-CPU-Release|Any CPU.Build.0 = Linux-CPU-Release|Any CPU
		{E181E0F0-838D-47FA-B66C-2468AF389453}.Linux-CPU-Release|x64.ActiveCfg = Linux-CPU-Release|Any CPU
		{E181E0F0-838D-47FA-B66C-2468AF389453}.Linux-CPU-Release|x64.Build.0 = Linux-CPU-Release|Any CPU
		{E181E0F0-838D-47FA-B66C-2468AF389453}.Linux-CPU-Release|x86.ActiveCfg = Linux-CPU-Release|Any CPU
		{E181E0F0-838D-47FA-B66C-2468AF389453}.Linux-CPU-Release|x86.Build.0 = Linux-CPU-Release|Any CPU
		{E181E0F0-838D-47FA-B66C-2468AF389453}.Linux-GPU-Debug|Any CPU.ActiveCfg = Linux-GPU-Debug|Any CPU
		{E181E0F0-838D-47FA-B66C-2468AF389453}.Linux-GPU-Debug|Any CPU.Build.0 = Linux-GPU-Debug|Any CPU
		{E181E0F0-838D-47FA-B66C-2468AF389453}.Linux-GPU-Debug|x64.ActiveCfg = Linux-GPU-Debug|Any CPU
		{E181E0F0-838D-47FA-B66C-2468AF389453}.Linux-GPU-Debug|x64.Build.0 = Linux-GPU-Debug|Any CPU
		{E181E0F0-838D-47FA-B66C-2468AF389453}.Linux-GPU-Debug|x86.ActiveCfg = Linux-GPU-Debug|Any CPU
		{E181E0F0-838D-47FA-B66C-2468AF389453}.Linux-GPU-Debug|x86.Build.0 = Linux-GPU-Debug|Any CPU
		{E181E0F0-838D-47FA-B66C-2468AF389453}.Linux-GPU-Release|Any CPU.ActiveCfg = Linux-GPU-Release|Any CPU
		{E181E0F0-838D-47FA-B66C-2468AF389453}.Linux-GPU-Release|Any CPU.Build.0 = Linux-GPU-Release|Any CPU
		{E181E0F0-838D-47FA-B66C-2468AF389453}.Linux-GPU-Release|x64.ActiveCfg = Linux-GPU-Release|Any CPU
		{E181E0F0-838D-47FA-B66C-2468AF389453}.Linux-GPU-Release|x64.Build.0 = Linux-GPU-Release|Any CPU
		{E181E0F0-838D-47FA-B66C-2468AF389453}.Linux-GPU-Release|x86.ActiveCfg = Linux-GPU-Release|Any CPU
		{E181E0F0-838D-47FA-B66C-2468AF389453}.Linux-GPU-Release|x86.Build.0 = Linux-GPU-Release|Any CPU
		{E181E0F0-838D-47FA-B66C-2468AF389453}.MacOS-CPU-Debug|Any CPU.ActiveCfg = MacOS-CPU-Debug|Any CPU
		{E181E0F0-838D-47FA-B66C-2468AF389453}.MacOS-CPU-Debug|Any CPU.Build.0 = MacOS-CPU-Debug|Any CPU
		{E181E0F0-838D-47FA-B66C-2468AF389453}.MacOS-CPU-Debug|x64.ActiveCfg = MacOS-CPU-Debug|Any CPU
		{E181E0F0-838D-47FA-B66C-2468AF389453}.MacOS-CPU-Debug|x64.Build.0 = MacOS-CPU-Debug|Any CPU
		{E181E0F0-838D-47FA-B66C-2468AF389453}.MacOS-CPU-Debug|x86.ActiveCfg = MacOS-CPU-Debug|Any CPU
		{E181E0F0-838D-47FA-B66C-2468AF389453}.MacOS-CPU-Debug|x86.Build.0 = MacOS-CPU-Debug|Any CPU
		{E181E0F0-838D-47FA-B66C-2468AF389453}.MacOS-CPU-Release|Any CPU.ActiveCfg = MacOS-CPU-Release|Any CPU
		{E181E0F0-838D-47FA-B66C-2468AF389453}.MacOS-CPU-Release|Any CPU.Build.0 = MacOS-CPU-Release|Any CPU
		{E181E0F0-838D-47FA-B66C-2468AF389453}.MacOS-CPU-Release|x64.ActiveCfg = MacOS-CPU-Release|Any CPU
		{E181E0F0-838D-47FA-B66C-2468AF389453}.MacOS-CPU-Release|x64.Build.0 = MacOS-CPU-Release|Any CPU
		{E181E0F0-838D-47FA-B66C-2468AF389453}.MacOS-CPU-Release|x86.ActiveCfg = MacOS-CPU-Release|Any CPU
		{E181E0F0-838D-47FA-B66C-2468AF389453}.MacOS-CPU-Release|x86.Build.0 = MacOS-CPU-Release|Any CPU
		{E181E0F0-838D-47FA-B66C-2468AF389453}.Release|Any CPU.ActiveCfg = Win-GPU-Release|Any CPU
		{E181E0F0-838D-47FA-B66C-2468AF389453}.Release|Any CPU.Build.0 = Win-GPU-Release|Any CPU
		{E181E0F0-838D-47FA-B66C-2468AF389453}.Release|x64.ActiveCfg = Win-CPU-Release|Any CPU
		{E181E0F0-838D-47FA-B66C-2468AF389453}.Release|x64.Build.0 = Win-CPU-Release|Any CPU
		{E181E0F0-838D-47FA-B66C-2468AF389453}.Release|x86.ActiveCfg = Win-CPU-Release|Any CPU
		{E181E0F0-838D-47FA-B66C-2468AF389453}.Release|x86.Build.0 = Win-CPU-Release|Any CPU
		{E181E0F0-838D-47FA-B66C-2468AF389453}.Win-CPU-Debug|Any CPU.ActiveCfg = Win-CPU-Debug|Any CPU
		{E181E0F0-838D-47FA-B66C-2468AF389453}.Win-CPU-Debug|Any CPU.Build.0 = Win-CPU-Debug|Any CPU
		{E181E0F0-838D-47FA-B66C-2468AF389453}.Win-CPU-Debug|x64.ActiveCfg = Win-CPU-Debug|Any CPU
		{E181E0F0-838D-47FA-B66C-2468AF389453}.Win-CPU-Debug|x64.Build.0 = Win-CPU-Debug|Any CPU
		{E181E0F0-838D-47FA-B66C-2468AF389453}.Win-CPU-Debug|x86.ActiveCfg = Win-CPU-Debug|Any CPU
		{E181E0F0-838D-47FA-B66C-2468AF389453}.Win-CPU-Debug|x86.Build.0 = Win-CPU-Debug|Any CPU
		{E181E0F0-838D-47FA-B66C-2468AF389453}.Win-CPU-Release|Any CPU.ActiveCfg = Win-CPU-Release|Any CPU
		{E181E0F0-838D-47FA-B66C-2468AF389453}.Win-CPU-Release|Any CPU.Build.0 = Win-CPU-Release|Any CPU
		{E181E0F0-838D-47FA-B66C-2468AF389453}.Win-CPU-Release|x64.ActiveCfg = Win-CPU-Release|Any CPU
		{E181E0F0-838D-47FA-B66C-2468AF389453}.Win-CPU-Release|x64.Build.0 = Win-CPU-Release|Any CPU
		{E181E0F0-838D-47FA-B66C-2468AF389453}.Win-CPU-Release|x86.ActiveCfg = Win-CPU-Release|Any CPU
		{E181E0F0-838D-47FA-B66C-2468AF389453}.Win-CPU-Release|x86.Build.0 = Win-CPU-Release|Any CPU
		{E181E0F0-838D-47FA-B66C-2468AF389453}.Win-GPU-Debug|Any CPU.ActiveCfg = Win-GPU-Debug|Any CPU
		{E181E0F0-838D-47FA-B66C-2468AF389453}.Win-GPU-Debug|Any CPU.Build.0 = Win-GPU-Debug|Any CPU
		{E181E0F0-838D-47FA-B66C-2468AF389453}.Win-GPU-Debug|x64.ActiveCfg = Win-GPU-Debug|Any CPU
		{E181E0F0-838D-47FA-B66C-2468AF389453}.Win-GPU-Debug|x64.Build.0 = Win-GPU-Debug|Any CPU
		{E181E0F0-838D-47FA-B66C-2468AF389453}.Win-GPU-Debug|x86.ActiveCfg = Win-GPU-Debug|Any CPU
		{E181E0F0-838D-47FA-B66C-2468AF389453}.Win-GPU-Debug|x86.Build.0 = Win-GPU-Debug|Any CPU
		{E181E0F0-838D-47FA-B66C-2468AF389453}.Win-GPU-Release|Any CPU.ActiveCfg = Win-GPU-Release|Any CPU
		{E181E0F0-838D-47FA-B66C-2468AF389453}.Win-GPU-Release|Any CPU.Build.0 = Win-GPU-Release|Any CPU
		{E181E0F0-838D-47FA-B66C-2468AF389453}.Win-GPU-Release|x64.ActiveCfg = Win-GPU-Release|Any CPU
		{E181E0F0-838D-47FA-B66C-2468AF389453}.Win-GPU-Release|x64.Build.0 = Win-GPU-Release|Any CPU
		{E181E0F0-838D-47FA-B66C-2468AF389453}.Win-GPU-Release|x86.ActiveCfg = Win-GPU-Release|Any CPU
		{E181E0F0-838D-47FA-B66C-2468AF389453}.Win-GPU-Release|x86.Build.0 = Win-GPU-Release|Any CPU
		{49DF0B19-F10C-4602-B584-61A8D855063F}.Debug|Any CPU.ActiveCfg = Win-GPU-Debug|Any CPU
		{49DF0B19-F10C-4602-B584-61A8D855063F}.Debug|Any CPU.Build.0 = Win-GPU-Debug|Any CPU
		{49DF0B19-F10C-4602-B584-61A8D855063F}.Debug|x64.ActiveCfg = Win-CPU-Release|Any CPU
		{49DF0B19-F10C-4602-B584-61A8D855063F}.Debug|x64.Build.0 = Win-CPU-Release|Any CPU
		{49DF0B19-F10C-4602-B584-61A8D855063F}.Debug|x86.ActiveCfg = Win-CPU-Release|Any CPU
		{49DF0B19-F10C-4602-B584-61A8D855063F}.Debug|x86.Build.0 = Win-CPU-Release|Any CPU
		{49DF0B19-F10C-4602-B584-61A8D855063F}.Linux-CPU-Debug|Any CPU.ActiveCfg = Linux-CPU-Debug|Any CPU
		{49DF0B19-F10C-4602-B584-61A8D855063F}.Linux-CPU-Debug|Any CPU.Build.0 = Linux-CPU-Debug|Any CPU
		{49DF0B19-F10C-4602-B584-61A8D855063F}.Linux-CPU-Debug|x64.ActiveCfg = Linux-CPU-Debug|Any CPU
		{49DF0B19-F10C-4602-B584-61A8D855063F}.Linux-CPU-Debug|x64.Build.0 = Linux-CPU-Debug|Any CPU
		{49DF0B19-F10C-4602-B584-61A8D855063F}.Linux-CPU-Debug|x86.ActiveCfg = Linux-CPU-Debug|Any CPU
		{49DF0B19-F10C-4602-B584-61A8D855063F}.Linux-CPU-Debug|x86.Build.0 = Linux-CPU-Debug|Any CPU
		{49DF0B19-F10C-4602-B584-61A8D855063F}.Linux-CPU-Release|Any CPU.ActiveCfg = Linux-CPU-Release|Any CPU
		{49DF0B19-F10C-4602-B584-61A8D855063F}.Linux-CPU-Release|Any CPU.Build.0 = Linux-CPU-Release|Any CPU
		{49DF0B19-F10C-4602-B584-61A8D855063F}.Linux-CPU-Release|x64.ActiveCfg = Linux-CPU-Release|Any CPU
		{49DF0B19-F10C-4602-B584-61A8D855063F}.Linux-CPU-Release|x64.Build.0 = Linux-CPU-Release|Any CPU
		{49DF0B19-F10C-4602-B584-61A8D855063F}.Linux-CPU-Release|x86.ActiveCfg = Linux-CPU-Release|Any CPU
		{49DF0B19-F10C-4602-B584-61A8D855063F}.Linux-CPU-Release|x86.Build.0 = Linux-CPU-Release|Any CPU
		{49DF0B19-F10C-4602-B584-61A8D855063F}.Linux-GPU-Debug|Any CPU.ActiveCfg = Linux-GPU-Debug|Any CPU
		{49DF0B19-F10C-4602-B584-61A8D855063F}.Linux-GPU-Debug|Any CPU.Build.0 = Linux-GPU-Debug|Any CPU
		{49DF0B19-F10C-4602-B584-61A8D855063F}.Linux-GPU-Debug|x64.ActiveCfg = Linux-GPU-Debug|Any CPU
		{49DF0B19-F10C-4602-B584-61A8D855063F}.Linux-GPU-Debug|x64.Build.0 = Linux-GPU-Debug|Any CPU
		{49DF0B19-F10C-4602-B584-61A8D855063F}.Linux-GPU-Debug|x86.ActiveCfg = Linux-GPU-Debug|Any CPU
		{49DF0B19-F10C-4602-B584-61A8D855063F}.Linux-GPU-Debug|x86.Build.0 = Linux-GPU-Debug|Any CPU
		{49DF0B19-F10C-4602-B584-61A8D855063F}.Linux-GPU-Release|Any CPU.ActiveCfg = Linux-GPU-Release|Any CPU
		{49DF0B19-F10C-4602-B584-61A8D855063F}.Linux-GPU-Release|Any CPU.Build.0 = Linux-GPU-Release|Any CPU
		{49DF0B19-F10C-4602-B584-61A8D855063F}.Linux-GPU-Release|x64.ActiveCfg = Linux-GPU-Release|Any CPU
		{49DF0B19-F10C-4602-B584-61A8D855063F}.Linux-GPU-Release|x64.Build.0 = Linux-GPU-Release|Any CPU
		{49DF0B19-F10C-4602-B584-61A8D855063F}.Linux-GPU-Release|x86.ActiveCfg = Linux-GPU-Release|Any CPU
		{49DF0B19-F10C-4602-B584-61A8D855063F}.Linux-GPU-Release|x86.Build.0 = Linux-GPU-Release|Any CPU
		{49DF0B19-F10C-4602-B584-61A8D855063F}.MacOS-CPU-Debug|Any CPU.ActiveCfg = MacOS-CPU-Debug|Any CPU
		{49DF0B19-F10C-4602-B584-61A8D855063F}.MacOS-CPU-Debug|Any CPU.Build.0 = MacOS-CPU-Debug|Any CPU
		{49DF0B19-F10C-4602-B584-61A8D855063F}.MacOS-CPU-Debug|x64.ActiveCfg = MacOS-CPU-Debug|Any CPU
		{49DF0B19-F10C-4602-B584-61A8D855063F}.MacOS-CPU-Debug|x64.Build.0 = MacOS-CPU-Debug|Any CPU
		{49DF0B19-F10C-4602-B584-61A8D855063F}.MacOS-CPU-Debug|x86.ActiveCfg = MacOS-CPU-Debug|Any CPU
		{49DF0B19-F10C-4602-B584-61A8D855063F}.MacOS-CPU-Debug|x86.Build.0 = MacOS-CPU-Debug|Any CPU
		{49DF0B19-F10C-4602-B584-61A8D855063F}.MacOS-CPU-Release|Any CPU.ActiveCfg = MacOS-CPU-Release|Any CPU
		{49DF0B19-F10C-4602-B584-61A8D855063F}.MacOS-CPU-Release|Any CPU.Build.0 = MacOS-CPU-Release|Any CPU
		{49DF0B19-F10C-4602-B584-61A8D855063F}.MacOS-CPU-Release|x64.ActiveCfg = MacOS-CPU-Release|Any CPU
		{49DF0B19-F10C-4602-B584-61A8D855063F}.MacOS-CPU-Release|x64.Build.0 = MacOS-CPU-Release|Any CPU
		{49DF0B19-F10C-4602-B584-61A8D855063F}.MacOS-CPU-Release|x86.ActiveCfg = MacOS-CPU-Release|Any CPU
		{49DF0B19-F10C-4602-B584-61A8D855063F}.MacOS-CPU-Release|x86.Build.0 = MacOS-CPU-Release|Any CPU
		{49DF0B19-F10C-4602-B584-61A8D855063F}.Release|Any CPU.ActiveCfg = Win-GPU-Release|Any CPU
		{49DF0B19-F10C-4602-B584-61A8D855063F}.Release|Any CPU.Build.0 = Win-GPU-Release|Any CPU
		{49DF0B19-F10C-4602-B584-61A8D855063F}.Release|x64.ActiveCfg = Win-CPU-Release|Any CPU
		{49DF0B19-F10C-4602-B584-61A8D855063F}.Release|x64.Build.0 = Win-CPU-Release|Any CPU
		{49DF0B19-F10C-4602-B584-61A8D855063F}.Release|x86.ActiveCfg = Win-CPU-Release|Any CPU
		{49DF0B19-F10C-4602-B584-61A8D855063F}.Release|x86.Build.0 = Win-CPU-Release|Any CPU
		{49DF0B19-F10C-4602-B584-61A8D855063F}.Win-CPU-Debug|Any CPU.ActiveCfg = Win-CPU-Debug|Any CPU
		{49DF0B19-F10C-4602-B584-61A8D855063F}.Win-CPU-Debug|Any CPU.Build.0 = Win-CPU-Debug|Any CPU
		{49DF0B19-F10C-4602-B584-61A8D855063F}.Win-CPU-Debug|x64.ActiveCfg = Win-CPU-Debug|Any CPU
		{49DF0B19-F10C-4602-B584-61A8D855063F}.Win-CPU-Debug|x64.Build.0 = Win-CPU-Debug|Any CPU
		{49DF0B19-F10C-4602-B584-61A8D855063F}.Win-CPU-Debug|x86.ActiveCfg = Win-CPU-Debug|Any CPU
		{49DF0B19-F10C-4602-B584-61A8D855063F}.Win-CPU-Debug|x86.Build.0 = Win-CPU-Debug|Any CPU
		{49DF0B19-F10C-4602-B584-61A8D855063F}.Win-CPU-Release|Any CPU.ActiveCfg = Win-CPU-Release|Any CPU
		{49DF0B19-F10C-4602-B584-61A8D855063F}.Win-CPU-Release|Any CPU.Build.0 = Win-CPU-Release|Any CPU
		{49DF0B19-F10C-4602-B584-61A8D855063F}.Win-CPU-Release|x64.ActiveCfg = Win-CPU-Release|Any CPU
		{49DF0B19-F10C-4602-B584-61A8D855063F}.Win-CPU-Release|x64.Build.0 = Win-CPU-Release|Any CPU
		{49DF0B19-F10C-4602-B584-61A8D855063F}.Win-CPU-Release|x86.ActiveCfg = Win-CPU-Release|Any CPU
		{49DF0B19-F10C-4602-B584-61A8D855063F}.Win-CPU-Release|x86.Build.0 = Win-CPU-Release|Any CPU
		{49DF0B19-F10C-4602-B584-61A8D855063F}.Win-GPU-Debug|Any CPU.ActiveCfg = Win-GPU-Debug|Any CPU
		{49DF0B19-F10C-4602-B584-61A8D855063F}.Win-GPU-Debug|Any CPU.Build.0 = Win-GPU-Debug|Any CPU
		{49DF0B19-F10C-4602-B584-61A8D855063F}.Win-GPU-Debug|x64.ActiveCfg = Win-GPU-Debug|Any CPU
		{49DF0B19-F10C-4602-B584-61A8D855063F}.Win-GPU-Debug|x64.Build.0 = Win-GPU-Debug|Any CPU
		{49DF0B19-F10C-4602-B584-61A8D855063F}.Win-GPU-Debug|x86.ActiveCfg = Win-GPU-Debug|Any CPU
		{49DF0B19-F10C-4602-B584-61A8D855063F}.Win-GPU-Debug|x86.Build.0 = Win-GPU-Debug|Any CPU
		{49DF0B19-F10C-4602-B584-61A8D855063F}.Win-GPU-Release|Any CPU.ActiveCfg = Win-GPU-Release|Any CPU
		{49DF0B19-F10C-4602-B584-61A8D855063F}.Win-GPU-Release|Any CPU.Build.0 = Win-GPU-Release|Any CPU
		{49DF0B19-F10C-4602-B584-61A8D855063F}.Win-GPU-Release|x64.ActiveCfg = Win-GPU-Release|Any CPU
		{49DF0B19-F10C-4602-B584-61A8D855063F}.Win-GPU-Release|x64.Build.0 = Win-GPU-Release|Any CPU
		{49DF0B19-F10C-4602-B584-61A8D855063F}.Win-GPU-Release|x86.ActiveCfg = Win-GPU-Release|Any CPU
		{49DF0B19-F10C-4602-B584-61A8D855063F}.Win-GPU-Release|x86.Build.0 = Win-GPU-Release|Any CPU
		{ECE1BC92-BA04-4A0E-826B-7E71158B1F2B}.Debug|Any CPU.ActiveCfg = Win-GPU-Debug|Any CPU
		{ECE1BC92-BA04-4A0E-826B-7E71158B1F2B}.Debug|Any CPU.Build.0 = Win-GPU-Debug|Any CPU
		{ECE1BC92-BA04-4A0E-826B-7E71158B1F2B}.Debug|x64.ActiveCfg = Win-CPU-Release|Any CPU
		{ECE1BC92-BA04-4A0E-826B-7E71158B1F2B}.Debug|x64.Build.0 = Win-CPU-Release|Any CPU
		{ECE1BC92-BA04-4A0E-826B-7E71158B1F2B}.Debug|x86.ActiveCfg = Win-CPU-Release|Any CPU
		{ECE1BC92-BA04-4A0E-826B-7E71158B1F2B}.Debug|x86.Build.0 = Win-CPU-Release|Any CPU
		{ECE1BC92-BA04-4A0E-826B-7E71158B1F2B}.Linux-CPU-Debug|Any CPU.ActiveCfg = Linux-CPU-Debug|Any CPU
		{ECE1BC92-BA04-4A0E-826B-7E71158B1F2B}.Linux-CPU-Debug|Any CPU.Build.0 = Linux-CPU-Debug|Any CPU
		{ECE1BC92-BA04-4A0E-826B-7E71158B1F2B}.Linux-CPU-Debug|x64.ActiveCfg = Linux-CPU-Debug|Any CPU
		{ECE1BC92-BA04-4A0E-826B-7E71158B1F2B}.Linux-CPU-Debug|x64.Build.0 = Linux-CPU-Debug|Any CPU
		{ECE1BC92-BA04-4A0E-826B-7E71158B1F2B}.Linux-CPU-Debug|x86.ActiveCfg = Linux-CPU-Debug|Any CPU
		{ECE1BC92-BA04-4A0E-826B-7E71158B1F2B}.Linux-CPU-Debug|x86.Build.0 = Linux-CPU-Debug|Any CPU
		{ECE1BC92-BA04-4A0E-826B-7E71158B1F2B}.Linux-CPU-Release|Any CPU.ActiveCfg = Linux-CPU-Release|Any CPU
		{ECE1BC92-BA04-4A0E-826B-7E71158B1F2B}.Linux-CPU-Release|Any CPU.Build.0 = Linux-CPU-Release|Any CPU
		{ECE1BC92-BA04-4A0E-826B-7E71158B1F2B}.Linux-CPU-Release|x64.ActiveCfg = Linux-CPU-Release|Any CPU
		{ECE1BC92-BA04-4A0E-826B-7E71158B1F2B}.Linux-CPU-Release|x64.Build.0 = Linux-CPU-Release|Any CPU
		{ECE1BC92-BA04-4A0E-826B-7E71158B1F2B}.Linux-CPU-Release|x86.ActiveCfg = Linux-CPU-Release|Any CPU
		{ECE1BC92-BA04-4A0E-826B-7E71158B1F2B}.Linux-CPU-Release|x86.Build.0 = Linux-CPU-Release|Any CPU
		{ECE1BC92-BA04-4A0E-826B-7E71158B1F2B}.Linux-GPU-Debug|Any CPU.ActiveCfg = Linux-GPU-Debug|Any CPU
		{ECE1BC92-BA04-4A0E-826B-7E71158B1F2B}.Linux-GPU-Debug|Any CPU.Build.0 = Linux-GPU-Debug|Any CPU
		{ECE1BC92-BA04-4A0E-826B-7E71158B1F2B}.Linux-GPU-Debug|x64.ActiveCfg = Linux-GPU-Debug|Any CPU
		{ECE1BC92-BA04-4A0E-826B-7E71158B1F2B}.Linux-GPU-Debug|x64.Build.0 = Linux-GPU-Debug|Any CPU
		{ECE1BC92-BA04-4A0E-826B-7E71158B1F2B}.Linux-GPU-Debug|x86.ActiveCfg = Linux-GPU-Debug|Any CPU
		{ECE1BC92-BA04-4A0E-826B-7E71158B1F2B}.Linux-GPU-Debug|x86.Build.0 = Linux-GPU-Debug|Any CPU
		{ECE1BC92-BA04-4A0E-826B-7E71158B1F2B}.Linux-GPU-Release|Any CPU.ActiveCfg = Linux-GPU-Release|Any CPU
		{ECE1BC92-BA04-4A0E-826B-7E71158B1F2B}.Linux-GPU-Release|Any CPU.Build.0 = Linux-GPU-Release|Any CPU
		{ECE1BC92-BA04-4A0E-826B-7E71158B1F2B}.Linux-GPU-Release|x64.ActiveCfg = Linux-GPU-Release|Any CPU
		{ECE1BC92-BA04-4A0E-826B-7E71158B1F2B}.Linux-GPU-Release|x64.Build.0 = Linux-GPU-Release|Any CPU
		{ECE1BC92-BA04-4A0E-826B-7E71158B1F2B}.Linux-GPU-Release|x86.ActiveCfg = Linux-GPU-Release|Any CPU
		{ECE1BC92-BA04-4A0E-826B-7E71158B1F2B}.Linux-GPU-Release|x86.Build.0 = Linux-GPU-Release|Any CPU
		{ECE1BC92-BA04-4A0E-826B-7E71158B1F2B}.MacOS-CPU-Debug|Any CPU.ActiveCfg = MacOS-CPU-Debug|Any CPU
		{ECE1BC92-BA04-4A0E-826B-7E71158B1F2B}.MacOS-CPU-Debug|Any CPU.Build.0 = MacOS-CPU-Debug|Any CPU
		{ECE1BC92-BA04-4A0E-826B-7E71158B1F2B}.MacOS-CPU-Debug|x64.ActiveCfg = MacOS-CPU-Debug|Any CPU
		{ECE1BC92-BA04-4A0E-826B-7E71158B1F2B}.MacOS-CPU-Debug|x64.Build.0 = MacOS-CPU-Debug|Any CPU
		{ECE1BC92-BA04-4A0E-826B-7E71158B1F2B}.MacOS-CPU-Debug|x86.ActiveCfg = MacOS-CPU-Debug|Any CPU
		{ECE1BC92-BA04-4A0E-826B-7E71158B1F2B}.MacOS-CPU-Debug|x86.Build.0 = MacOS-CPU-Debug|Any CPU
		{ECE1BC92-BA04-4A0E-826B-7E71158B1F2B}.MacOS-CPU-Release|Any CPU.ActiveCfg = MacOS-CPU-Release|Any CPU
		{ECE1BC92-BA04-4A0E-826B-7E71158B1F2B}.MacOS-CPU-Release|Any CPU.Build.0 = MacOS-CPU-Release|Any CPU
		{ECE1BC92-BA04-4A0E-826B-7E71158B1F2B}.MacOS-CPU-Release|x64.ActiveCfg = MacOS-CPU-Release|Any CPU
		{ECE1BC92-BA04-4A0E-826B-7E71158B1F2B}.MacOS-CPU-Release|x64.Build.0 = MacOS-CPU-Release|Any CPU
		{ECE1BC92-BA04-4A0E-826B-7E71158B1F2B}.MacOS-CPU-Release|x86.ActiveCfg = MacOS-CPU-Release|Any CPU
		{ECE1BC92-BA04-4A0E-826B-7E71158B1F2B}.MacOS-CPU-Release|x86.Build.0 = MacOS-CPU-Release|Any CPU
		{ECE1BC92-BA04-4A0E-826B-7E71158B1F2B}.Release|Any CPU.ActiveCfg = Win-GPU-Release|Any CPU
		{ECE1BC92-BA04-4A0E-826B-7E71158B1F2B}.Release|Any CPU.Build.0 = Win-GPU-Release|Any CPU
		{ECE1BC92-BA04-4A0E-826B-7E71158B1F2B}.Release|x64.ActiveCfg = Win-CPU-Release|Any CPU
		{ECE1BC92-BA04-4A0E-826B-7E71158B1F2B}.Release|x64.Build.0 = Win-CPU-Release|Any CPU
		{ECE1BC92-BA04-4A0E-826B-7E71158B1F2B}.Release|x86.ActiveCfg = Win-CPU-Release|Any CPU
		{ECE1BC92-BA04-4A0E-826B-7E71158B1F2B}.Release|x86.Build.0 = Win-CPU-Release|Any CPU
		{ECE1BC92-BA04-4A0E-826B-7E71158B1F2B}.Win-CPU-Debug|Any CPU.ActiveCfg = Win-CPU-Debug|Any CPU
		{ECE1BC92-BA04-4A0E-826B-7E71158B1F2B}.Win-CPU-Debug|Any CPU.Build.0 = Win-CPU-Debug|Any CPU
		{ECE1BC92-BA04-4A0E-826B-7E71158B1F2B}.Win-CPU-Debug|x64.ActiveCfg = Win-CPU-Debug|Any CPU
		{ECE1BC92-BA04-4A0E-826B-7E71158B1F2B}.Win-CPU-Debug|x64.Build.0 = Win-CPU-Debug|Any CPU
		{ECE1BC92-BA04-4A0E-826B-7E71158B1F2B}.Win-CPU-Debug|x86.ActiveCfg = Win-CPU-Debug|Any CPU
		{ECE1BC92-BA04-4A0E-826B-7E71158B1F2B}.Win-CPU-Debug|x86.Build.0 = Win-CPU-Debug|Any CPU
		{ECE1BC92-BA04-4A0E-826B-7E71158B1F2B}.Win-CPU-Release|Any CPU.ActiveCfg = Win-CPU-Release|Any CPU
		{ECE1BC92-BA04-4A0E-826B-7E71158B1F2B}.Win-CPU-Release|Any CPU.Build.0 = Win-CPU-Release|Any CPU
		{ECE1BC92-BA04-4A0E-826B-7E71158B1F2B}.Win-CPU-Release|x64.ActiveCfg = Win-CPU-Release|Any CPU
		{ECE1BC92-BA04-4A0E-826B-7E71158B1F2B}.Win-CPU-Release|x64.Build.0 = Win-CPU-Release|Any CPU
		{ECE1BC92-BA04-4A0E-826B-7E71158B1F2B}.Win-CPU-Release|x86.ActiveCfg = Win-CPU-Release|Any CPU
		{ECE1BC92-BA04-4A0E-826B-7E71158B1F2B}.Win-CPU-Release|x86.Build.0 = Win-CPU-Release|Any CPU
		{ECE1BC92-BA04-4A0E-826B-7E71158B1F2B}.Win-GPU-Debug|Any CPU.ActiveCfg = Win-GPU-Debug|Any CPU
		{ECE1BC92-BA04-4A0E-826B-7E71158B1F2B}.Win-GPU-Debug|Any CPU.Build.0 = Win-GPU-Debug|Any CPU
		{ECE1BC92-BA04-4A0E-826B-7E71158B1F2B}.Win-GPU-Debug|x64.ActiveCfg = Win-GPU-Debug|Any CPU
		{ECE1BC92-BA04-4A0E-826B-7E71158B1F2B}.Win-GPU-Debug|x64.Build.0 = Win-GPU-Debug|Any CPU
		{ECE1BC92-BA04-4A0E-826B-7E71158B1F2B}.Win-GPU-Debug|x86.ActiveCfg = Win-GPU-Debug|Any CPU
		{ECE1BC92-BA04-4A0E-826B-7E71158B1F2B}.Win-GPU-Debug|x86.Build.0 = Win-GPU-Debug|Any CPU
		{ECE1BC92-BA04-4A0E-826B-7E71158B1F2B}.Win-GPU-Release|Any CPU.ActiveCfg = Win-GPU-Release|Any CPU
		{ECE1BC92-BA04-4A0E-826B-7E71158B1F2B}.Win-GPU-Release|Any CPU.Build.0 = Win-GPU-Release|Any CPU
		{ECE1BC92-BA04-4A0E-826B-7E71158B1F2B}.Win-GPU-Release|x64.ActiveCfg = Win-GPU-Release|Any CPU
		{ECE1BC92-BA04-4A0E-826B-7E71158B1F2B}.Win-GPU-Release|x64.Build.0 = Win-GPU-Release|Any CPU
		{ECE1BC92-BA04-4A0E-826B-7E71158B1F2B}.Win-GPU-Release|x86.ActiveCfg = Win-GPU-Release|Any CPU
		{ECE1BC92-BA04-4A0E-826B-7E71158B1F2B}.Win-GPU-Release|x86.Build.0 = Win-GPU-Release|Any CPU
		{09742F3B-13F3-4590-B108-1ACFFA408592}.Debug|Any CPU.ActiveCfg = Win-GPU-Debug|Any CPU
		{09742F3B-13F3-4590-B108-1ACFFA408592}.Debug|Any CPU.Build.0 = Win-GPU-Debug|Any CPU
		{09742F3B-13F3-4590-B108-1ACFFA408592}.Debug|x64.ActiveCfg = Win-CPU-Release|Any CPU
		{09742F3B-13F3-4590-B108-1ACFFA408592}.Debug|x64.Build.0 = Win-CPU-Release|Any CPU
		{09742F3B-13F3-4590-B108-1ACFFA408592}.Debug|x86.ActiveCfg = Win-CPU-Release|Any CPU
		{09742F3B-13F3-4590-B108-1ACFFA408592}.Debug|x86.Build.0 = Win-CPU-Release|Any CPU
		{09742F3B-13F3-4590-B108-1ACFFA408592}.Linux-CPU-Debug|Any CPU.ActiveCfg = Linux-CPU-Debug|Any CPU
		{09742F3B-13F3-4590-B108-1ACFFA408592}.Linux-CPU-Debug|Any CPU.Build.0 = Linux-CPU-Debug|Any CPU
		{09742F3B-13F3-4590-B108-1ACFFA408592}.Linux-CPU-Debug|x64.ActiveCfg = Linux-CPU-Debug|Any CPU
		{09742F3B-13F3-4590-B108-1ACFFA408592}.Linux-CPU-Debug|x64.Build.0 = Linux-CPU-Debug|Any CPU
		{09742F3B-13F3-4590-B108-1ACFFA408592}.Linux-CPU-Debug|x86.ActiveCfg = Linux-CPU-Debug|Any CPU
		{09742F3B-13F3-4590-B108-1ACFFA408592}.Linux-CPU-Debug|x86.Build.0 = Linux-CPU-Debug|Any CPU
		{09742F3B-13F3-4590-B108-1ACFFA408592}.Linux-CPU-Release|Any CPU.ActiveCfg = Linux-CPU-Release|Any CPU
		{09742F3B-13F3-4590-B108-1ACFFA408592}.Linux-CPU-Release|Any CPU.Build.0 = Linux-CPU-Release|Any CPU
		{09742F3B-13F3-4590-B108-1ACFFA408592}.Linux-CPU-Release|x64.ActiveCfg = Linux-CPU-Release|Any CPU
		{09742F3B-13F3-4590-B108-1ACFFA408592}.Linux-CPU-Release|x64.Build.0 = Linux-CPU-Release|Any CPU
		{09742F3B-13F3-4590-B108-1ACFFA408592}.Linux-CPU-Release|x86.ActiveCfg = Linux-CPU-Release|Any CPU
		{09742F3B-13F3-4590-B108-1ACFFA408592}.Linux-CPU-Release|x86.Build.0 = Linux-CPU-Release|Any CPU
		{09742F3B-13F3-4590-B108-1ACFFA408592}.Linux-GPU-Debug|Any CPU.ActiveCfg = Linux-GPU-Debug|Any CPU
		{09742F3B-13F3-4590-B108-1ACFFA408592}.Linux-GPU-Debug|Any CPU.Build.0 = Linux-GPU-Debug|Any CPU
		{09742F3B-13F3-4590-B108-1ACFFA408592}.Linux-GPU-Debug|x64.ActiveCfg = Linux-GPU-Debug|Any CPU
		{09742F3B-13F3-4590-B108-1ACFFA408592}.Linux-GPU-Debug|x64.Build.0 = Linux-GPU-Debug|Any CPU
		{09742F3B-13F3-4590-B108-1ACFFA408592}.Linux-GPU-Debug|x86.ActiveCfg = Linux-GPU-Debug|Any CPU
		{09742F3B-13F3-4590-B108-1ACFFA408592}.Linux-GPU-Debug|x86.Build.0 = Linux-GPU-Debug|Any CPU
		{09742F3B-13F3-4590-B108-1ACFFA408592}.Linux-GPU-Release|Any CPU.ActiveCfg = Linux-GPU-Release|Any CPU
		{09742F3B-13F3-4590-B108-1ACFFA408592}.Linux-GPU-Release|Any CPU.Build.0 = Linux-GPU-Release|Any CPU
		{09742F3B-13F3-4590-B108-1ACFFA408592}.Linux-GPU-Release|x64.ActiveCfg = Linux-GPU-Release|Any CPU
		{09742F3B-13F3-4590-B108-1ACFFA408592}.Linux-GPU-Release|x64.Build.0 = Linux-GPU-Release|Any CPU
		{09742F3B-13F3-4590-B108-1ACFFA408592}.Linux-GPU-Release|x86.ActiveCfg = Linux-GPU-Release|Any CPU
		{09742F3B-13F3-4590-B108-1ACFFA408592}.Linux-GPU-Release|x86.Build.0 = Linux-GPU-Release|Any CPU
		{09742F3B-13F3-4590-B108-1ACFFA408592}.MacOS-CPU-Debug|Any CPU.ActiveCfg = MacOS-CPU-Debug|Any CPU
		{09742F3B-13F3-4590-B108-1ACFFA408592}.MacOS-CPU-Debug|Any CPU.Build.0 = MacOS-CPU-Debug|Any CPU
		{09742F3B-13F3-4590-B108-1ACFFA408592}.MacOS-CPU-Debug|x64.ActiveCfg = MacOS-CPU-Debug|Any CPU
		{09742F3B-13F3-4590-B108-1ACFFA408592}.MacOS-CPU-Debug|x64.Build.0 = MacOS-CPU-Debug|Any CPU
		{09742F3B-13F3-4590-B108-1ACFFA408592}.MacOS-CPU-Debug|x86.ActiveCfg = MacOS-CPU-Debug|Any CPU
		{09742F3B-13F3-4590-B108-1ACFFA408592}.MacOS-CPU-Debug|x86.Build.0 = MacOS-CPU-Debug|Any CPU
		{09742F3B-13F3-4590-B108-1ACFFA408592}.MacOS-CPU-Release|Any CPU.ActiveCfg = MacOS-CPU-Release|Any CPU
		{09742F3B-13F3-4590-B108-1ACFFA408592}.MacOS-CPU-Release|Any CPU.Build.0 = MacOS-CPU-Release|Any CPU
		{09742F3B-13F3-4590-B108-1ACFFA408592}.MacOS-CPU-Release|x64.ActiveCfg = MacOS-CPU-Release|Any CPU
		{09742F3B-13F3-4590-B108-1ACFFA408592}.MacOS-CPU-Release|x64.Build.0 = MacOS-CPU-Release|Any CPU
		{09742F3B-13F3-4590-B108-1ACFFA408592}.MacOS-CPU-Release|x86.ActiveCfg = MacOS-CPU-Release|Any CPU
		{09742F3B-13F3-4590-B108-1ACFFA408592}.MacOS-CPU-Release|x86.Build.0 = MacOS-CPU-Release|Any CPU
		{09742F3B-13F3-4590-B108-1ACFFA408592}.Release|Any CPU.ActiveCfg = Win-GPU-Release|Any CPU
		{09742F3B-13F3-4590-B108-1ACFFA408592}.Release|Any CPU.Build.0 = Win-GPU-Release|Any CPU
		{09742F3B-13F3-4590-B108-1ACFFA408592}.Release|x64.ActiveCfg = Win-CPU-Release|Any CPU
		{09742F3B-13F3-4590-B108-1ACFFA408592}.Release|x64.Build.0 = Win-CPU-Release|Any CPU
		{09742F3B-13F3-4590-B108-1ACFFA408592}.Release|x86.ActiveCfg = Win-CPU-Release|Any CPU
		{09742F3B-13F3-4590-B108-1ACFFA408592}.Release|x86.Build.0 = Win-CPU-Release|Any CPU
		{09742F3B-13F3-4590-B108-1ACFFA408592}.Win-CPU-Debug|Any CPU.ActiveCfg = Win-CPU-Debug|Any CPU
		{09742F3B-13F3-4590-B108-1ACFFA408592}.Win-CPU-Debug|Any CPU.Build.0 = Win-CPU-Debug|Any CPU
		{09742F3B-13F3-4590-B108-1ACFFA408592}.Win-CPU-Debug|x64.ActiveCfg = Win-CPU-Debug|Any CPU
		{09742F3B-13F3-4590-B108-1ACFFA408592}.Win-CPU-Debug|x64.Build.0 = Win-CPU-Debug|Any CPU
		{09742F3B-13F3-4590-B108-1ACFFA408592}.Win-CPU-Debug|x86.ActiveCfg = Win-CPU-Debug|Any CPU
		{09742F3B-13F3-4590-B108-1ACFFA408592}.Win-CPU-Debug|x86.Build.0 = Win-CPU-Debug|Any CPU
		{09742F3B-13F3-4590-B108-1ACFFA408592}.Win-CPU-Release|Any CPU.ActiveCfg = Win-CPU-Release|Any CPU
		{09742F3B-13F3-4590-B108-1ACFFA408592}.Win-CPU-Release|Any CPU.Build.0 = Win-CPU-Release|Any CPU
		{09742F3B-13F3-4590-B108-1ACFFA408592}.Win-CPU-Release|x64.ActiveCfg = Win-CPU-Release|Any CPU
		{09742F3B-13F3-4590-B108-1ACFFA408592}.Win-CPU-Release|x64.Build.0 = Win-CPU-Release|Any CPU
		{09742F3B-13F3-4590-B108-1ACFFA408592}.Win-CPU-Release|x86.ActiveCfg = Win-CPU-Release|Any CPU
		{09742F3B-13F3-4590-B108-1ACFFA408592}.Win-CPU-Release|x86.Build.0 = Win-CPU-Release|Any CPU
		{09742F3B-13F3-4590-B108-1ACFFA408592}.Win-GPU-Debug|Any CPU.ActiveCfg = Win-GPU-Debug|Any CPU
		{09742F3B-13F3-4590-B108-1ACFFA408592}.Win-GPU-Debug|Any CPU.Build.0 = Win-GPU-Debug|Any CPU
		{09742F3B-13F3-4590-B108-1ACFFA408592}.Win-GPU-Debug|x64.ActiveCfg = Win-GPU-Debug|Any CPU
		{09742F3B-13F3-4590-B108-1ACFFA408592}.Win-GPU-Debug|x64.Build.0 = Win-GPU-Debug|Any CPU
		{09742F3B-13F3-4590-B108-1ACFFA408592}.Win-GPU-Debug|x86.ActiveCfg = Win-GPU-Debug|Any CPU
		{09742F3B-13F3-4590-B108-1ACFFA408592}.Win-GPU-Debug|x86.Build.0 = Win-GPU-Debug|Any CPU
		{09742F3B-13F3-4590-B108-1ACFFA408592}.Win-GPU-Release|Any CPU.ActiveCfg = Win-GPU-Release|Any CPU
		{09742F3B-13F3-4590-B108-1ACFFA408592}.Win-GPU-Release|Any CPU.Build.0 = Win-GPU-Release|Any CPU
		{09742F3B-13F3-4590-B108-1ACFFA408592}.Win-GPU-Release|x64.ActiveCfg = Win-GPU-Release|Any CPU
		{09742F3B-13F3-4590-B108-1ACFFA408592}.Win-GPU-Release|x64.Build.0 = Win-GPU-Release|Any CPU
		{09742F3B-13F3-4590-B108-1ACFFA408592}.Win-GPU-Release|x86.ActiveCfg = Win-GPU-Release|Any CPU
		{09742F3B-13F3-4590-B108-1ACFFA408592}.Win-GPU-Release|x86.Build.0 = Win-GPU-Release|Any CPU
		{4F371B00-62A3-4A86-B20D-702E4BACCB71}.Debug|Any CPU.ActiveCfg = Release|Any CPU
		{4F371B00-62A3-4A86-B20D-702E4BACCB71}.Debug|Any CPU.Build.0 = Release|Any CPU
		{4F371B00-62A3-4A86-B20D-702E4BACCB71}.Debug|x64.ActiveCfg = Debug|Any CPU
		{4F371B00-62A3-4A86-B20D-702E4BACCB71}.Debug|x64.Build.0 = Debug|Any CPU
		{4F371B00-62A3-4A86-B20D-702E4BACCB71}.Debug|x86.ActiveCfg = Debug|Any CPU
		{4F371B00-62A3-4A86-B20D-702E4BACCB71}.Debug|x86.Build.0 = Debug|Any CPU
		{4F371B00-62A3-4A86-B20D-702E4BACCB71}.Linux-CPU-Debug|Any CPU.ActiveCfg = Release|Any CPU
		{4F371B00-62A3-4A86-B20D-702E4BACCB71}.Linux-CPU-Debug|Any CPU.Build.0 = Release|Any CPU
		{4F371B00-62A3-4A86-B20D-702E4BACCB71}.Linux-CPU-Debug|x64.ActiveCfg = Release|Any CPU
		{4F371B00-62A3-4A86-B20D-702E4BACCB71}.Linux-CPU-Debug|x64.Build.0 = Release|Any CPU
		{4F371B00-62A3-4A86-B20D-702E4BACCB71}.Linux-CPU-Debug|x86.ActiveCfg = Release|Any CPU
		{4F371B00-62A3-4A86-B20D-702E4BACCB71}.Linux-CPU-Debug|x86.Build.0 = Release|Any CPU
		{4F371B00-62A3-4A86-B20D-702E4BACCB71}.Linux-CPU-Release|Any CPU.ActiveCfg = Release|Any CPU
		{4F371B00-62A3-4A86-B20D-702E4BACCB71}.Linux-CPU-Release|Any CPU.Build.0 = Release|Any CPU
		{4F371B00-62A3-4A86-B20D-702E4BACCB71}.Linux-CPU-Release|x64.ActiveCfg = Release|Any CPU
		{4F371B00-62A3-4A86-B20D-702E4BACCB71}.Linux-CPU-Release|x64.Build.0 = Release|Any CPU
		{4F371B00-62A3-4A86-B20D-702E4BACCB71}.Linux-CPU-Release|x86.ActiveCfg = Release|Any CPU
		{4F371B00-62A3-4A86-B20D-702E4BACCB71}.Linux-CPU-Release|x86.Build.0 = Release|Any CPU
		{4F371B00-62A3-4A86-B20D-702E4BACCB71}.Linux-GPU-Debug|Any CPU.ActiveCfg = Release|Any CPU
		{4F371B00-62A3-4A86-B20D-702E4BACCB71}.Linux-GPU-Debug|Any CPU.Build.0 = Release|Any CPU
		{4F371B00-62A3-4A86-B20D-702E4BACCB71}.Linux-GPU-Debug|x64.ActiveCfg = Release|Any CPU
		{4F371B00-62A3-4A86-B20D-702E4BACCB71}.Linux-GPU-Debug|x64.Build.0 = Release|Any CPU
		{4F371B00-62A3-4A86-B20D-702E4BACCB71}.Linux-GPU-Debug|x86.ActiveCfg = Release|Any CPU
		{4F371B00-62A3-4A86-B20D-702E4BACCB71}.Linux-GPU-Debug|x86.Build.0 = Release|Any CPU
		{4F371B00-62A3-4A86-B20D-702E4BACCB71}.Linux-GPU-Release|Any CPU.ActiveCfg = Release|Any CPU
		{4F371B00-62A3-4A86-B20D-702E4BACCB71}.Linux-GPU-Release|Any CPU.Build.0 = Release|Any CPU
		{4F371B00-62A3-4A86-B20D-702E4BACCB71}.Linux-GPU-Release|x64.ActiveCfg = Release|Any CPU
		{4F371B00-62A3-4A86-B20D-702E4BACCB71}.Linux-GPU-Release|x64.Build.0 = Release|Any CPU
		{4F371B00-62A3-4A86-B20D-702E4BACCB71}.Linux-GPU-Release|x86.ActiveCfg = Release|Any CPU
		{4F371B00-62A3-4A86-B20D-702E4BACCB71}.Linux-GPU-Release|x86.Build.0 = Release|Any CPU
		{4F371B00-62A3-4A86-B20D-702E4BACCB71}.MacOS-CPU-Debug|Any CPU.ActiveCfg = Release|Any CPU
		{4F371B00-62A3-4A86-B20D-702E4BACCB71}.MacOS-CPU-Debug|Any CPU.Build.0 = Release|Any CPU
		{4F371B00-62A3-4A86-B20D-702E4BACCB71}.MacOS-CPU-Debug|x64.ActiveCfg = WindowsRelease|Any CPU
		{4F371B00-62A3-4A86-B20D-702E4BACCB71}.MacOS-CPU-Debug|x64.Build.0 = WindowsRelease|Any CPU
		{4F371B00-62A3-4A86-B20D-702E4BACCB71}.MacOS-CPU-Debug|x86.ActiveCfg = WindowsRelease|Any CPU
		{4F371B00-62A3-4A86-B20D-702E4BACCB71}.MacOS-CPU-Debug|x86.Build.0 = WindowsRelease|Any CPU
		{4F371B00-62A3-4A86-B20D-702E4BACCB71}.MacOS-CPU-Release|Any CPU.ActiveCfg = Release|Any CPU
		{4F371B00-62A3-4A86-B20D-702E4BACCB71}.MacOS-CPU-Release|Any CPU.Build.0 = Release|Any CPU
		{4F371B00-62A3-4A86-B20D-702E4BACCB71}.MacOS-CPU-Release|x64.ActiveCfg = WindowsRelease|Any CPU
		{4F371B00-62A3-4A86-B20D-702E4BACCB71}.MacOS-CPU-Release|x64.Build.0 = WindowsRelease|Any CPU
		{4F371B00-62A3-4A86-B20D-702E4BACCB71}.MacOS-CPU-Release|x86.ActiveCfg = WindowsRelease|Any CPU
		{4F371B00-62A3-4A86-B20D-702E4BACCB71}.MacOS-CPU-Release|x86.Build.0 = WindowsRelease|Any CPU
		{4F371B00-62A3-4A86-B20D-702E4BACCB71}.Release|Any CPU.ActiveCfg = Release|Any CPU
		{4F371B00-62A3-4A86-B20D-702E4BACCB71}.Release|Any CPU.Build.0 = Release|Any CPU
		{4F371B00-62A3-4A86-B20D-702E4BACCB71}.Release|x64.ActiveCfg = Release|Any CPU
		{4F371B00-62A3-4A86-B20D-702E4BACCB71}.Release|x64.Build.0 = Release|Any CPU
		{4F371B00-62A3-4A86-B20D-702E4BACCB71}.Release|x86.ActiveCfg = Release|Any CPU
		{4F371B00-62A3-4A86-B20D-702E4BACCB71}.Release|x86.Build.0 = Release|Any CPU
		{4F371B00-62A3-4A86-B20D-702E4BACCB71}.Win-CPU-Debug|Any CPU.ActiveCfg = Release|Any CPU
		{4F371B00-62A3-4A86-B20D-702E4BACCB71}.Win-CPU-Debug|Any CPU.Build.0 = Release|Any CPU
		{4F371B00-62A3-4A86-B20D-702E4BACCB71}.Win-CPU-Debug|x64.ActiveCfg = Release|Any CPU
		{4F371B00-62A3-4A86-B20D-702E4BACCB71}.Win-CPU-Debug|x64.Build.0 = Release|Any CPU
		{4F371B00-62A3-4A86-B20D-702E4BACCB71}.Win-CPU-Debug|x86.ActiveCfg = Release|Any CPU
		{4F371B00-62A3-4A86-B20D-702E4BACCB71}.Win-CPU-Debug|x86.Build.0 = Release|Any CPU
		{4F371B00-62A3-4A86-B20D-702E4BACCB71}.Win-CPU-Release|Any CPU.ActiveCfg = Release|Any CPU
		{4F371B00-62A3-4A86-B20D-702E4BACCB71}.Win-CPU-Release|Any CPU.Build.0 = Release|Any CPU
		{4F371B00-62A3-4A86-B20D-702E4BACCB71}.Win-CPU-Release|x64.ActiveCfg = Release|Any CPU
		{4F371B00-62A3-4A86-B20D-702E4BACCB71}.Win-CPU-Release|x64.Build.0 = Release|Any CPU
		{4F371B00-62A3-4A86-B20D-702E4BACCB71}.Win-CPU-Release|x86.ActiveCfg = Release|Any CPU
		{4F371B00-62A3-4A86-B20D-702E4BACCB71}.Win-CPU-Release|x86.Build.0 = Release|Any CPU
		{4F371B00-62A3-4A86-B20D-702E4BACCB71}.Win-GPU-Debug|Any CPU.ActiveCfg = Release|Any CPU
		{4F371B00-62A3-4A86-B20D-702E4BACCB71}.Win-GPU-Debug|Any CPU.Build.0 = Release|Any CPU
		{4F371B00-62A3-4A86-B20D-702E4BACCB71}.Win-GPU-Debug|x64.ActiveCfg = Release|Any CPU
		{4F371B00-62A3-4A86-B20D-702E4BACCB71}.Win-GPU-Debug|x64.Build.0 = Release|Any CPU
		{4F371B00-62A3-4A86-B20D-702E4BACCB71}.Win-GPU-Debug|x86.ActiveCfg = Release|Any CPU
		{4F371B00-62A3-4A86-B20D-702E4BACCB71}.Win-GPU-Debug|x86.Build.0 = Release|Any CPU
		{4F371B00-62A3-4A86-B20D-702E4BACCB71}.Win-GPU-Release|Any CPU.ActiveCfg = Release|Any CPU
		{4F371B00-62A3-4A86-B20D-702E4BACCB71}.Win-GPU-Release|Any CPU.Build.0 = Release|Any CPU
		{4F371B00-62A3-4A86-B20D-702E4BACCB71}.Win-GPU-Release|x64.ActiveCfg = Release|Any CPU
		{4F371B00-62A3-4A86-B20D-702E4BACCB71}.Win-GPU-Release|x64.Build.0 = Release|Any CPU
		{4F371B00-62A3-4A86-B20D-702E4BACCB71}.Win-GPU-Release|x86.ActiveCfg = Release|Any CPU
		{4F371B00-62A3-4A86-B20D-702E4BACCB71}.Win-GPU-Release|x86.Build.0 = Release|Any CPU
		{03E835E2-A7F8-4108-A70F-4A3D7089FF0F}.Debug|Any CPU.ActiveCfg = Debug|Any CPU
		{03E835E2-A7F8-4108-A70F-4A3D7089FF0F}.Debug|x64.ActiveCfg = Debug|Any CPU
		{03E835E2-A7F8-4108-A70F-4A3D7089FF0F}.Debug|x86.ActiveCfg = Debug|Any CPU
		{03E835E2-A7F8-4108-A70F-4A3D7089FF0F}.Linux-CPU-Debug|Any CPU.ActiveCfg = Debug|Any CPU
		{03E835E2-A7F8-4108-A70F-4A3D7089FF0F}.Linux-CPU-Debug|x64.ActiveCfg = Release|Any CPU
		{03E835E2-A7F8-4108-A70F-4A3D7089FF0F}.Linux-CPU-Debug|x86.ActiveCfg = Release|Any CPU
		{03E835E2-A7F8-4108-A70F-4A3D7089FF0F}.Linux-CPU-Release|Any CPU.ActiveCfg = Release|Any CPU
		{03E835E2-A7F8-4108-A70F-4A3D7089FF0F}.Linux-CPU-Release|x64.ActiveCfg = Release|Any CPU
		{03E835E2-A7F8-4108-A70F-4A3D7089FF0F}.Linux-CPU-Release|x86.ActiveCfg = Release|Any CPU
		{03E835E2-A7F8-4108-A70F-4A3D7089FF0F}.Linux-GPU-Debug|Any CPU.ActiveCfg = Debug|Any CPU
		{03E835E2-A7F8-4108-A70F-4A3D7089FF0F}.Linux-GPU-Debug|x64.ActiveCfg = Release|Any CPU
		{03E835E2-A7F8-4108-A70F-4A3D7089FF0F}.Linux-GPU-Debug|x86.ActiveCfg = Release|Any CPU
		{03E835E2-A7F8-4108-A70F-4A3D7089FF0F}.Linux-GPU-Release|Any CPU.ActiveCfg = Release|Any CPU
		{03E835E2-A7F8-4108-A70F-4A3D7089FF0F}.Linux-GPU-Release|x64.ActiveCfg = Release|Any CPU
		{03E835E2-A7F8-4108-A70F-4A3D7089FF0F}.Linux-GPU-Release|x86.ActiveCfg = Release|Any CPU
		{03E835E2-A7F8-4108-A70F-4A3D7089FF0F}.MacOS-CPU-Debug|Any CPU.ActiveCfg = Debug|Any CPU
		{03E835E2-A7F8-4108-A70F-4A3D7089FF0F}.MacOS-CPU-Debug|x64.ActiveCfg = Release|Any CPU
		{03E835E2-A7F8-4108-A70F-4A3D7089FF0F}.MacOS-CPU-Debug|x86.ActiveCfg = Release|Any CPU
		{03E835E2-A7F8-4108-A70F-4A3D7089FF0F}.MacOS-CPU-Release|Any CPU.ActiveCfg = Release|Any CPU
		{03E835E2-A7F8-4108-A70F-4A3D7089FF0F}.MacOS-CPU-Release|x64.ActiveCfg = Release|Any CPU
		{03E835E2-A7F8-4108-A70F-4A3D7089FF0F}.MacOS-CPU-Release|x86.ActiveCfg = Release|Any CPU
		{03E835E2-A7F8-4108-A70F-4A3D7089FF0F}.Release|Any CPU.ActiveCfg = Release|Any CPU
		{03E835E2-A7F8-4108-A70F-4A3D7089FF0F}.Release|x64.ActiveCfg = Release|Any CPU
		{03E835E2-A7F8-4108-A70F-4A3D7089FF0F}.Release|x86.ActiveCfg = Release|Any CPU
		{03E835E2-A7F8-4108-A70F-4A3D7089FF0F}.Win-CPU-Debug|Any CPU.ActiveCfg = Debug|Any CPU
		{03E835E2-A7F8-4108-A70F-4A3D7089FF0F}.Win-CPU-Debug|x64.ActiveCfg = Release|Any CPU
		{03E835E2-A7F8-4108-A70F-4A3D7089FF0F}.Win-CPU-Debug|x86.ActiveCfg = Release|Any CPU
		{03E835E2-A7F8-4108-A70F-4A3D7089FF0F}.Win-CPU-Release|Any CPU.ActiveCfg = Release|Any CPU
		{03E835E2-A7F8-4108-A70F-4A3D7089FF0F}.Win-CPU-Release|x64.ActiveCfg = Release|Any CPU
		{03E835E2-A7F8-4108-A70F-4A3D7089FF0F}.Win-CPU-Release|x86.ActiveCfg = Release|Any CPU
		{03E835E2-A7F8-4108-A70F-4A3D7089FF0F}.Win-GPU-Debug|Any CPU.ActiveCfg = Debug|Any CPU
		{03E835E2-A7F8-4108-A70F-4A3D7089FF0F}.Win-GPU-Debug|x64.ActiveCfg = Release|Any CPU
		{03E835E2-A7F8-4108-A70F-4A3D7089FF0F}.Win-GPU-Debug|x86.ActiveCfg = Release|Any CPU
		{03E835E2-A7F8-4108-A70F-4A3D7089FF0F}.Win-GPU-Release|Any CPU.ActiveCfg = Release|Any CPU
		{03E835E2-A7F8-4108-A70F-4A3D7089FF0F}.Win-GPU-Release|x64.ActiveCfg = Release|Any CPU
		{03E835E2-A7F8-4108-A70F-4A3D7089FF0F}.Win-GPU-Release|x86.ActiveCfg = Release|Any CPU
		{AB60FC1C-FB69-4E31-B147-EC135B460006}.Debug|Any CPU.ActiveCfg = Win-GPU-Debug|Any CPU
		{AB60FC1C-FB69-4E31-B147-EC135B460006}.Debug|Any CPU.Build.0 = Win-GPU-Debug|Any CPU
		{AB60FC1C-FB69-4E31-B147-EC135B460006}.Debug|x64.ActiveCfg = Win-CPU-Release|Any CPU
		{AB60FC1C-FB69-4E31-B147-EC135B460006}.Debug|x64.Build.0 = Win-CPU-Release|Any CPU
		{AB60FC1C-FB69-4E31-B147-EC135B460006}.Debug|x86.ActiveCfg = Win-CPU-Release|Any CPU
		{AB60FC1C-FB69-4E31-B147-EC135B460006}.Debug|x86.Build.0 = Win-CPU-Release|Any CPU
		{AB60FC1C-FB69-4E31-B147-EC135B460006}.Linux-CPU-Debug|Any CPU.ActiveCfg = Linux-CPU-Debug|Any CPU
		{AB60FC1C-FB69-4E31-B147-EC135B460006}.Linux-CPU-Debug|Any CPU.Build.0 = Linux-CPU-Debug|Any CPU
		{AB60FC1C-FB69-4E31-B147-EC135B460006}.Linux-CPU-Debug|x64.ActiveCfg = Linux-CPU-Debug|Any CPU
		{AB60FC1C-FB69-4E31-B147-EC135B460006}.Linux-CPU-Debug|x64.Build.0 = Linux-CPU-Debug|Any CPU
		{AB60FC1C-FB69-4E31-B147-EC135B460006}.Linux-CPU-Debug|x86.ActiveCfg = Linux-CPU-Debug|Any CPU
		{AB60FC1C-FB69-4E31-B147-EC135B460006}.Linux-CPU-Debug|x86.Build.0 = Linux-CPU-Debug|Any CPU
		{AB60FC1C-FB69-4E31-B147-EC135B460006}.Linux-CPU-Release|Any CPU.ActiveCfg = Linux-CPU-Release|Any CPU
		{AB60FC1C-FB69-4E31-B147-EC135B460006}.Linux-CPU-Release|Any CPU.Build.0 = Linux-CPU-Release|Any CPU
		{AB60FC1C-FB69-4E31-B147-EC135B460006}.Linux-CPU-Release|x64.ActiveCfg = Linux-CPU-Release|Any CPU
		{AB60FC1C-FB69-4E31-B147-EC135B460006}.Linux-CPU-Release|x64.Build.0 = Linux-CPU-Release|Any CPU
		{AB60FC1C-FB69-4E31-B147-EC135B460006}.Linux-CPU-Release|x86.ActiveCfg = Linux-CPU-Release|Any CPU
		{AB60FC1C-FB69-4E31-B147-EC135B460006}.Linux-CPU-Release|x86.Build.0 = Linux-CPU-Release|Any CPU
		{AB60FC1C-FB69-4E31-B147-EC135B460006}.Linux-GPU-Debug|Any CPU.ActiveCfg = Linux-GPU-Debug|Any CPU
		{AB60FC1C-FB69-4E31-B147-EC135B460006}.Linux-GPU-Debug|Any CPU.Build.0 = Linux-GPU-Debug|Any CPU
		{AB60FC1C-FB69-4E31-B147-EC135B460006}.Linux-GPU-Debug|x64.ActiveCfg = Linux-GPU-Debug|Any CPU
		{AB60FC1C-FB69-4E31-B147-EC135B460006}.Linux-GPU-Debug|x64.Build.0 = Linux-GPU-Debug|Any CPU
		{AB60FC1C-FB69-4E31-B147-EC135B460006}.Linux-GPU-Debug|x86.ActiveCfg = Linux-GPU-Debug|Any CPU
		{AB60FC1C-FB69-4E31-B147-EC135B460006}.Linux-GPU-Debug|x86.Build.0 = Linux-GPU-Debug|Any CPU
		{AB60FC1C-FB69-4E31-B147-EC135B460006}.Linux-GPU-Release|Any CPU.ActiveCfg = Linux-GPU-Release|Any CPU
		{AB60FC1C-FB69-4E31-B147-EC135B460006}.Linux-GPU-Release|Any CPU.Build.0 = Linux-GPU-Release|Any CPU
		{AB60FC1C-FB69-4E31-B147-EC135B460006}.Linux-GPU-Release|x64.ActiveCfg = Linux-GPU-Release|Any CPU
		{AB60FC1C-FB69-4E31-B147-EC135B460006}.Linux-GPU-Release|x64.Build.0 = Linux-GPU-Release|Any CPU
		{AB60FC1C-FB69-4E31-B147-EC135B460006}.Linux-GPU-Release|x86.ActiveCfg = Linux-GPU-Release|Any CPU
		{AB60FC1C-FB69-4E31-B147-EC135B460006}.Linux-GPU-Release|x86.Build.0 = Linux-GPU-Release|Any CPU
		{AB60FC1C-FB69-4E31-B147-EC135B460006}.MacOS-CPU-Debug|Any CPU.ActiveCfg = MacOS-CPU-Debug|Any CPU
		{AB60FC1C-FB69-4E31-B147-EC135B460006}.MacOS-CPU-Debug|Any CPU.Build.0 = MacOS-CPU-Debug|Any CPU
		{AB60FC1C-FB69-4E31-B147-EC135B460006}.MacOS-CPU-Debug|x64.ActiveCfg = MacOS-CPU-Debug|Any CPU
		{AB60FC1C-FB69-4E31-B147-EC135B460006}.MacOS-CPU-Debug|x64.Build.0 = MacOS-CPU-Debug|Any CPU
		{AB60FC1C-FB69-4E31-B147-EC135B460006}.MacOS-CPU-Debug|x86.ActiveCfg = MacOS-CPU-Debug|Any CPU
		{AB60FC1C-FB69-4E31-B147-EC135B460006}.MacOS-CPU-Debug|x86.Build.0 = MacOS-CPU-Debug|Any CPU
		{AB60FC1C-FB69-4E31-B147-EC135B460006}.MacOS-CPU-Release|Any CPU.ActiveCfg = MacOS-CPU-Release|Any CPU
		{AB60FC1C-FB69-4E31-B147-EC135B460006}.MacOS-CPU-Release|Any CPU.Build.0 = MacOS-CPU-Release|Any CPU
		{AB60FC1C-FB69-4E31-B147-EC135B460006}.MacOS-CPU-Release|x64.ActiveCfg = MacOS-CPU-Release|Any CPU
		{AB60FC1C-FB69-4E31-B147-EC135B460006}.MacOS-CPU-Release|x64.Build.0 = MacOS-CPU-Release|Any CPU
		{AB60FC1C-FB69-4E31-B147-EC135B460006}.MacOS-CPU-Release|x86.ActiveCfg = MacOS-CPU-Release|Any CPU
		{AB60FC1C-FB69-4E31-B147-EC135B460006}.MacOS-CPU-Release|x86.Build.0 = MacOS-CPU-Release|Any CPU
		{AB60FC1C-FB69-4E31-B147-EC135B460006}.Release|Any CPU.ActiveCfg = Win-GPU-Release|Any CPU
		{AB60FC1C-FB69-4E31-B147-EC135B460006}.Release|Any CPU.Build.0 = Win-GPU-Release|Any CPU
		{AB60FC1C-FB69-4E31-B147-EC135B460006}.Release|x64.ActiveCfg = Win-CPU-Release|Any CPU
		{AB60FC1C-FB69-4E31-B147-EC135B460006}.Release|x64.Build.0 = Win-CPU-Release|Any CPU
		{AB60FC1C-FB69-4E31-B147-EC135B460006}.Release|x86.ActiveCfg = Win-CPU-Release|Any CPU
		{AB60FC1C-FB69-4E31-B147-EC135B460006}.Release|x86.Build.0 = Win-CPU-Release|Any CPU
		{AB60FC1C-FB69-4E31-B147-EC135B460006}.Win-CPU-Debug|Any CPU.ActiveCfg = Win-CPU-Debug|Any CPU
		{AB60FC1C-FB69-4E31-B147-EC135B460006}.Win-CPU-Debug|Any CPU.Build.0 = Win-CPU-Debug|Any CPU
		{AB60FC1C-FB69-4E31-B147-EC135B460006}.Win-CPU-Debug|x64.ActiveCfg = Win-CPU-Debug|Any CPU
		{AB60FC1C-FB69-4E31-B147-EC135B460006}.Win-CPU-Debug|x64.Build.0 = Win-CPU-Debug|Any CPU
		{AB60FC1C-FB69-4E31-B147-EC135B460006}.Win-CPU-Debug|x86.ActiveCfg = Win-CPU-Debug|Any CPU
		{AB60FC1C-FB69-4E31-B147-EC135B460006}.Win-CPU-Debug|x86.Build.0 = Win-CPU-Debug|Any CPU
		{AB60FC1C-FB69-4E31-B147-EC135B460006}.Win-CPU-Release|Any CPU.ActiveCfg = Win-CPU-Release|Any CPU
		{AB60FC1C-FB69-4E31-B147-EC135B460006}.Win-CPU-Release|Any CPU.Build.0 = Win-CPU-Release|Any CPU
		{AB60FC1C-FB69-4E31-B147-EC135B460006}.Win-CPU-Release|x64.ActiveCfg = Win-CPU-Release|Any CPU
		{AB60FC1C-FB69-4E31-B147-EC135B460006}.Win-CPU-Release|x64.Build.0 = Win-CPU-Release|Any CPU
		{AB60FC1C-FB69-4E31-B147-EC135B460006}.Win-CPU-Release|x86.ActiveCfg = Win-CPU-Release|Any CPU
		{AB60FC1C-FB69-4E31-B147-EC135B460006}.Win-CPU-Release|x86.Build.0 = Win-CPU-Release|Any CPU
		{AB60FC1C-FB69-4E31-B147-EC135B460006}.Win-GPU-Debug|Any CPU.ActiveCfg = Win-GPU-Debug|Any CPU
		{AB60FC1C-FB69-4E31-B147-EC135B460006}.Win-GPU-Debug|Any CPU.Build.0 = Win-GPU-Debug|Any CPU
		{AB60FC1C-FB69-4E31-B147-EC135B460006}.Win-GPU-Debug|x64.ActiveCfg = Win-GPU-Debug|Any CPU
		{AB60FC1C-FB69-4E31-B147-EC135B460006}.Win-GPU-Debug|x64.Build.0 = Win-GPU-Debug|Any CPU
		{AB60FC1C-FB69-4E31-B147-EC135B460006}.Win-GPU-Debug|x86.ActiveCfg = Win-GPU-Debug|Any CPU
		{AB60FC1C-FB69-4E31-B147-EC135B460006}.Win-GPU-Debug|x86.Build.0 = Win-GPU-Debug|Any CPU
		{AB60FC1C-FB69-4E31-B147-EC135B460006}.Win-GPU-Release|Any CPU.ActiveCfg = Win-GPU-Release|Any CPU
		{AB60FC1C-FB69-4E31-B147-EC135B460006}.Win-GPU-Release|Any CPU.Build.0 = Win-GPU-Release|Any CPU
		{AB60FC1C-FB69-4E31-B147-EC135B460006}.Win-GPU-Release|x64.ActiveCfg = Win-GPU-Release|Any CPU
		{AB60FC1C-FB69-4E31-B147-EC135B460006}.Win-GPU-Release|x64.Build.0 = Win-GPU-Release|Any CPU
		{AB60FC1C-FB69-4E31-B147-EC135B460006}.Win-GPU-Release|x86.ActiveCfg = Win-GPU-Release|Any CPU
		{AB60FC1C-FB69-4E31-B147-EC135B460006}.Win-GPU-Release|x86.Build.0 = Win-GPU-Release|Any CPU
		{DEE87148-C9D8-4410-BE73-59EE48C1C3D4}.Debug|Any CPU.ActiveCfg = Win-GPU-Debug|Any CPU
		{DEE87148-C9D8-4410-BE73-59EE48C1C3D4}.Debug|Any CPU.Build.0 = Win-GPU-Debug|Any CPU
		{DEE87148-C9D8-4410-BE73-59EE48C1C3D4}.Debug|x64.ActiveCfg = Win-CPU-Release|Any CPU
		{DEE87148-C9D8-4410-BE73-59EE48C1C3D4}.Debug|x64.Build.0 = Win-CPU-Release|Any CPU
		{DEE87148-C9D8-4410-BE73-59EE48C1C3D4}.Debug|x86.ActiveCfg = Win-CPU-Release|Any CPU
		{DEE87148-C9D8-4410-BE73-59EE48C1C3D4}.Debug|x86.Build.0 = Win-CPU-Release|Any CPU
		{DEE87148-C9D8-4410-BE73-59EE48C1C3D4}.Linux-CPU-Debug|Any CPU.ActiveCfg = Linux-CPU-Debug|Any CPU
		{DEE87148-C9D8-4410-BE73-59EE48C1C3D4}.Linux-CPU-Debug|Any CPU.Build.0 = Linux-CPU-Debug|Any CPU
		{DEE87148-C9D8-4410-BE73-59EE48C1C3D4}.Linux-CPU-Debug|x64.ActiveCfg = Linux-CPU-Debug|Any CPU
		{DEE87148-C9D8-4410-BE73-59EE48C1C3D4}.Linux-CPU-Debug|x64.Build.0 = Linux-CPU-Debug|Any CPU
		{DEE87148-C9D8-4410-BE73-59EE48C1C3D4}.Linux-CPU-Debug|x86.ActiveCfg = Linux-CPU-Debug|Any CPU
		{DEE87148-C9D8-4410-BE73-59EE48C1C3D4}.Linux-CPU-Debug|x86.Build.0 = Linux-CPU-Debug|Any CPU
		{DEE87148-C9D8-4410-BE73-59EE48C1C3D4}.Linux-CPU-Release|Any CPU.ActiveCfg = Linux-CPU-Release|Any CPU
		{DEE87148-C9D8-4410-BE73-59EE48C1C3D4}.Linux-CPU-Release|Any CPU.Build.0 = Linux-CPU-Release|Any CPU
		{DEE87148-C9D8-4410-BE73-59EE48C1C3D4}.Linux-CPU-Release|x64.ActiveCfg = Linux-CPU-Release|Any CPU
		{DEE87148-C9D8-4410-BE73-59EE48C1C3D4}.Linux-CPU-Release|x64.Build.0 = Linux-CPU-Release|Any CPU
		{DEE87148-C9D8-4410-BE73-59EE48C1C3D4}.Linux-CPU-Release|x86.ActiveCfg = Linux-CPU-Release|Any CPU
		{DEE87148-C9D8-4410-BE73-59EE48C1C3D4}.Linux-CPU-Release|x86.Build.0 = Linux-CPU-Release|Any CPU
		{DEE87148-C9D8-4410-BE73-59EE48C1C3D4}.Linux-GPU-Debug|Any CPU.ActiveCfg = Linux-GPU-Debug|Any CPU
		{DEE87148-C9D8-4410-BE73-59EE48C1C3D4}.Linux-GPU-Debug|Any CPU.Build.0 = Linux-GPU-Debug|Any CPU
		{DEE87148-C9D8-4410-BE73-59EE48C1C3D4}.Linux-GPU-Debug|x64.ActiveCfg = Linux-GPU-Debug|Any CPU
		{DEE87148-C9D8-4410-BE73-59EE48C1C3D4}.Linux-GPU-Debug|x64.Build.0 = Linux-GPU-Debug|Any CPU
		{DEE87148-C9D8-4410-BE73-59EE48C1C3D4}.Linux-GPU-Debug|x86.ActiveCfg = Linux-GPU-Debug|Any CPU
		{DEE87148-C9D8-4410-BE73-59EE48C1C3D4}.Linux-GPU-Debug|x86.Build.0 = Linux-GPU-Debug|Any CPU
		{DEE87148-C9D8-4410-BE73-59EE48C1C3D4}.Linux-GPU-Release|Any CPU.ActiveCfg = Linux-GPU-Release|Any CPU
		{DEE87148-C9D8-4410-BE73-59EE48C1C3D4}.Linux-GPU-Release|Any CPU.Build.0 = Linux-GPU-Release|Any CPU
		{DEE87148-C9D8-4410-BE73-59EE48C1C3D4}.Linux-GPU-Release|x64.ActiveCfg = Linux-GPU-Release|Any CPU
		{DEE87148-C9D8-4410-BE73-59EE48C1C3D4}.Linux-GPU-Release|x64.Build.0 = Linux-GPU-Release|Any CPU
		{DEE87148-C9D8-4410-BE73-59EE48C1C3D4}.Linux-GPU-Release|x86.ActiveCfg = Linux-GPU-Release|Any CPU
		{DEE87148-C9D8-4410-BE73-59EE48C1C3D4}.Linux-GPU-Release|x86.Build.0 = Linux-GPU-Release|Any CPU
		{DEE87148-C9D8-4410-BE73-59EE48C1C3D4}.MacOS-CPU-Debug|Any CPU.ActiveCfg = MacOS-CPU-Debug|Any CPU
		{DEE87148-C9D8-4410-BE73-59EE48C1C3D4}.MacOS-CPU-Debug|Any CPU.Build.0 = MacOS-CPU-Debug|Any CPU
		{DEE87148-C9D8-4410-BE73-59EE48C1C3D4}.MacOS-CPU-Debug|x64.ActiveCfg = MacOS-CPU-Debug|Any CPU
		{DEE87148-C9D8-4410-BE73-59EE48C1C3D4}.MacOS-CPU-Debug|x64.Build.0 = MacOS-CPU-Debug|Any CPU
		{DEE87148-C9D8-4410-BE73-59EE48C1C3D4}.MacOS-CPU-Debug|x86.ActiveCfg = MacOS-CPU-Debug|Any CPU
		{DEE87148-C9D8-4410-BE73-59EE48C1C3D4}.MacOS-CPU-Debug|x86.Build.0 = MacOS-CPU-Debug|Any CPU
		{DEE87148-C9D8-4410-BE73-59EE48C1C3D4}.MacOS-CPU-Release|Any CPU.ActiveCfg = MacOS-CPU-Release|Any CPU
		{DEE87148-C9D8-4410-BE73-59EE48C1C3D4}.MacOS-CPU-Release|Any CPU.Build.0 = MacOS-CPU-Release|Any CPU
		{DEE87148-C9D8-4410-BE73-59EE48C1C3D4}.MacOS-CPU-Release|x64.ActiveCfg = MacOS-CPU-Release|Any CPU
		{DEE87148-C9D8-4410-BE73-59EE48C1C3D4}.MacOS-CPU-Release|x64.Build.0 = MacOS-CPU-Release|Any CPU
		{DEE87148-C9D8-4410-BE73-59EE48C1C3D4}.MacOS-CPU-Release|x86.ActiveCfg = MacOS-CPU-Release|Any CPU
		{DEE87148-C9D8-4410-BE73-59EE48C1C3D4}.MacOS-CPU-Release|x86.Build.0 = MacOS-CPU-Release|Any CPU
		{DEE87148-C9D8-4410-BE73-59EE48C1C3D4}.Release|Any CPU.ActiveCfg = Win-GPU-Release|Any CPU
		{DEE87148-C9D8-4410-BE73-59EE48C1C3D4}.Release|Any CPU.Build.0 = Win-GPU-Release|Any CPU
		{DEE87148-C9D8-4410-BE73-59EE48C1C3D4}.Release|x64.ActiveCfg = Win-CPU-Release|Any CPU
		{DEE87148-C9D8-4410-BE73-59EE48C1C3D4}.Release|x64.Build.0 = Win-CPU-Release|Any CPU
		{DEE87148-C9D8-4410-BE73-59EE48C1C3D4}.Release|x86.ActiveCfg = Win-CPU-Release|Any CPU
		{DEE87148-C9D8-4410-BE73-59EE48C1C3D4}.Release|x86.Build.0 = Win-CPU-Release|Any CPU
		{DEE87148-C9D8-4410-BE73-59EE48C1C3D4}.Win-CPU-Debug|Any CPU.ActiveCfg = Win-CPU-Debug|Any CPU
		{DEE87148-C9D8-4410-BE73-59EE48C1C3D4}.Win-CPU-Debug|Any CPU.Build.0 = Win-CPU-Debug|Any CPU
		{DEE87148-C9D8-4410-BE73-59EE48C1C3D4}.Win-CPU-Debug|x64.ActiveCfg = Win-CPU-Debug|Any CPU
		{DEE87148-C9D8-4410-BE73-59EE48C1C3D4}.Win-CPU-Debug|x64.Build.0 = Win-CPU-Debug|Any CPU
		{DEE87148-C9D8-4410-BE73-59EE48C1C3D4}.Win-CPU-Debug|x86.ActiveCfg = Win-CPU-Debug|Any CPU
		{DEE87148-C9D8-4410-BE73-59EE48C1C3D4}.Win-CPU-Debug|x86.Build.0 = Win-CPU-Debug|Any CPU
		{DEE87148-C9D8-4410-BE73-59EE48C1C3D4}.Win-CPU-Release|Any CPU.ActiveCfg = Win-CPU-Release|Any CPU
		{DEE87148-C9D8-4410-BE73-59EE48C1C3D4}.Win-CPU-Release|Any CPU.Build.0 = Win-CPU-Release|Any CPU
		{DEE87148-C9D8-4410-BE73-59EE48C1C3D4}.Win-CPU-Release|x64.ActiveCfg = Win-CPU-Release|Any CPU
		{DEE87148-C9D8-4410-BE73-59EE48C1C3D4}.Win-CPU-Release|x64.Build.0 = Win-CPU-Release|Any CPU
		{DEE87148-C9D8-4410-BE73-59EE48C1C3D4}.Win-CPU-Release|x86.ActiveCfg = Win-CPU-Release|Any CPU
		{DEE87148-C9D8-4410-BE73-59EE48C1C3D4}.Win-CPU-Release|x86.Build.0 = Win-CPU-Release|Any CPU
		{DEE87148-C9D8-4410-BE73-59EE48C1C3D4}.Win-GPU-Debug|Any CPU.ActiveCfg = Win-GPU-Debug|Any CPU
		{DEE87148-C9D8-4410-BE73-59EE48C1C3D4}.Win-GPU-Debug|Any CPU.Build.0 = Win-GPU-Debug|Any CPU
		{DEE87148-C9D8-4410-BE73-59EE48C1C3D4}.Win-GPU-Debug|x64.ActiveCfg = Win-GPU-Debug|Any CPU
		{DEE87148-C9D8-4410-BE73-59EE48C1C3D4}.Win-GPU-Debug|x64.Build.0 = Win-GPU-Debug|Any CPU
		{DEE87148-C9D8-4410-BE73-59EE48C1C3D4}.Win-GPU-Debug|x86.ActiveCfg = Win-GPU-Debug|Any CPU
		{DEE87148-C9D8-4410-BE73-59EE48C1C3D4}.Win-GPU-Debug|x86.Build.0 = Win-GPU-Debug|Any CPU
		{DEE87148-C9D8-4410-BE73-59EE48C1C3D4}.Win-GPU-Release|Any CPU.ActiveCfg = Win-GPU-Release|Any CPU
		{DEE87148-C9D8-4410-BE73-59EE48C1C3D4}.Win-GPU-Release|Any CPU.Build.0 = Win-GPU-Release|Any CPU
		{DEE87148-C9D8-4410-BE73-59EE48C1C3D4}.Win-GPU-Release|x64.ActiveCfg = Win-GPU-Release|Any CPU
		{DEE87148-C9D8-4410-BE73-59EE48C1C3D4}.Win-GPU-Release|x64.Build.0 = Win-GPU-Release|Any CPU
		{DEE87148-C9D8-4410-BE73-59EE48C1C3D4}.Win-GPU-Release|x86.ActiveCfg = Win-GPU-Release|Any CPU
		{DEE87148-C9D8-4410-BE73-59EE48C1C3D4}.Win-GPU-Release|x86.Build.0 = Win-GPU-Release|Any CPU
		{3B00C57E-4E0A-42F6-8EC7-EDDC295D56BE}.Debug|Any CPU.ActiveCfg = Win-GPU-Debug|Any CPU
		{3B00C57E-4E0A-42F6-8EC7-EDDC295D56BE}.Debug|Any CPU.Build.0 = Win-GPU-Debug|Any CPU
		{3B00C57E-4E0A-42F6-8EC7-EDDC295D56BE}.Debug|x64.ActiveCfg = Win-CPU-Release|Any CPU
		{3B00C57E-4E0A-42F6-8EC7-EDDC295D56BE}.Debug|x64.Build.0 = Win-CPU-Release|Any CPU
		{3B00C57E-4E0A-42F6-8EC7-EDDC295D56BE}.Debug|x86.ActiveCfg = Win-CPU-Release|Any CPU
		{3B00C57E-4E0A-42F6-8EC7-EDDC295D56BE}.Debug|x86.Build.0 = Win-CPU-Release|Any CPU
		{3B00C57E-4E0A-42F6-8EC7-EDDC295D56BE}.Linux-CPU-Debug|Any CPU.ActiveCfg = Linux-CPU-Debug|Any CPU
		{3B00C57E-4E0A-42F6-8EC7-EDDC295D56BE}.Linux-CPU-Debug|Any CPU.Build.0 = Linux-CPU-Debug|Any CPU
		{3B00C57E-4E0A-42F6-8EC7-EDDC295D56BE}.Linux-CPU-Debug|x64.ActiveCfg = Linux-CPU-Debug|Any CPU
		{3B00C57E-4E0A-42F6-8EC7-EDDC295D56BE}.Linux-CPU-Debug|x64.Build.0 = Linux-CPU-Debug|Any CPU
		{3B00C57E-4E0A-42F6-8EC7-EDDC295D56BE}.Linux-CPU-Debug|x86.ActiveCfg = Linux-CPU-Debug|Any CPU
		{3B00C57E-4E0A-42F6-8EC7-EDDC295D56BE}.Linux-CPU-Debug|x86.Build.0 = Linux-CPU-Debug|Any CPU
		{3B00C57E-4E0A-42F6-8EC7-EDDC295D56BE}.Linux-CPU-Release|Any CPU.ActiveCfg = Linux-CPU-Release|Any CPU
		{3B00C57E-4E0A-42F6-8EC7-EDDC295D56BE}.Linux-CPU-Release|Any CPU.Build.0 = Linux-CPU-Release|Any CPU
		{3B00C57E-4E0A-42F6-8EC7-EDDC295D56BE}.Linux-CPU-Release|x64.ActiveCfg = Linux-CPU-Release|Any CPU
		{3B00C57E-4E0A-42F6-8EC7-EDDC295D56BE}.Linux-CPU-Release|x64.Build.0 = Linux-CPU-Release|Any CPU
		{3B00C57E-4E0A-42F6-8EC7-EDDC295D56BE}.Linux-CPU-Release|x86.ActiveCfg = Linux-CPU-Release|Any CPU
		{3B00C57E-4E0A-42F6-8EC7-EDDC295D56BE}.Linux-CPU-Release|x86.Build.0 = Linux-CPU-Release|Any CPU
		{3B00C57E-4E0A-42F6-8EC7-EDDC295D56BE}.Linux-GPU-Debug|Any CPU.ActiveCfg = Linux-GPU-Debug|Any CPU
		{3B00C57E-4E0A-42F6-8EC7-EDDC295D56BE}.Linux-GPU-Debug|Any CPU.Build.0 = Linux-GPU-Debug|Any CPU
		{3B00C57E-4E0A-42F6-8EC7-EDDC295D56BE}.Linux-GPU-Debug|x64.ActiveCfg = Linux-GPU-Debug|Any CPU
		{3B00C57E-4E0A-42F6-8EC7-EDDC295D56BE}.Linux-GPU-Debug|x64.Build.0 = Linux-GPU-Debug|Any CPU
		{3B00C57E-4E0A-42F6-8EC7-EDDC295D56BE}.Linux-GPU-Debug|x86.ActiveCfg = Linux-GPU-Debug|Any CPU
		{3B00C57E-4E0A-42F6-8EC7-EDDC295D56BE}.Linux-GPU-Debug|x86.Build.0 = Linux-GPU-Debug|Any CPU
		{3B00C57E-4E0A-42F6-8EC7-EDDC295D56BE}.Linux-GPU-Release|Any CPU.ActiveCfg = Linux-GPU-Release|Any CPU
		{3B00C57E-4E0A-42F6-8EC7-EDDC295D56BE}.Linux-GPU-Release|Any CPU.Build.0 = Linux-GPU-Release|Any CPU
		{3B00C57E-4E0A-42F6-8EC7-EDDC295D56BE}.Linux-GPU-Release|x64.ActiveCfg = Linux-GPU-Release|Any CPU
		{3B00C57E-4E0A-42F6-8EC7-EDDC295D56BE}.Linux-GPU-Release|x64.Build.0 = Linux-GPU-Release|Any CPU
		{3B00C57E-4E0A-42F6-8EC7-EDDC295D56BE}.Linux-GPU-Release|x86.ActiveCfg = Linux-GPU-Release|Any CPU
		{3B00C57E-4E0A-42F6-8EC7-EDDC295D56BE}.Linux-GPU-Release|x86.Build.0 = Linux-GPU-Release|Any CPU
		{3B00C57E-4E0A-42F6-8EC7-EDDC295D56BE}.MacOS-CPU-Debug|Any CPU.ActiveCfg = MacOS-CPU-Debug|Any CPU
		{3B00C57E-4E0A-42F6-8EC7-EDDC295D56BE}.MacOS-CPU-Debug|Any CPU.Build.0 = MacOS-CPU-Debug|Any CPU
		{3B00C57E-4E0A-42F6-8EC7-EDDC295D56BE}.MacOS-CPU-Debug|x64.ActiveCfg = MacOS-CPU-Debug|Any CPU
		{3B00C57E-4E0A-42F6-8EC7-EDDC295D56BE}.MacOS-CPU-Debug|x64.Build.0 = MacOS-CPU-Debug|Any CPU
		{3B00C57E-4E0A-42F6-8EC7-EDDC295D56BE}.MacOS-CPU-Debug|x86.ActiveCfg = MacOS-CPU-Debug|Any CPU
		{3B00C57E-4E0A-42F6-8EC7-EDDC295D56BE}.MacOS-CPU-Debug|x86.Build.0 = MacOS-CPU-Debug|Any CPU
		{3B00C57E-4E0A-42F6-8EC7-EDDC295D56BE}.MacOS-CPU-Release|Any CPU.ActiveCfg = MacOS-CPU-Release|Any CPU
		{3B00C57E-4E0A-42F6-8EC7-EDDC295D56BE}.MacOS-CPU-Release|Any CPU.Build.0 = MacOS-CPU-Release|Any CPU
		{3B00C57E-4E0A-42F6-8EC7-EDDC295D56BE}.MacOS-CPU-Release|x64.ActiveCfg = MacOS-CPU-Release|Any CPU
		{3B00C57E-4E0A-42F6-8EC7-EDDC295D56BE}.MacOS-CPU-Release|x64.Build.0 = MacOS-CPU-Release|Any CPU
		{3B00C57E-4E0A-42F6-8EC7-EDDC295D56BE}.MacOS-CPU-Release|x86.ActiveCfg = MacOS-CPU-Release|Any CPU
		{3B00C57E-4E0A-42F6-8EC7-EDDC295D56BE}.MacOS-CPU-Release|x86.Build.0 = MacOS-CPU-Release|Any CPU
		{3B00C57E-4E0A-42F6-8EC7-EDDC295D56BE}.Release|Any CPU.ActiveCfg = Win-GPU-Release|Any CPU
		{3B00C57E-4E0A-42F6-8EC7-EDDC295D56BE}.Release|Any CPU.Build.0 = Win-GPU-Release|Any CPU
		{3B00C57E-4E0A-42F6-8EC7-EDDC295D56BE}.Release|x64.ActiveCfg = Win-CPU-Release|Any CPU
		{3B00C57E-4E0A-42F6-8EC7-EDDC295D56BE}.Release|x64.Build.0 = Win-CPU-Release|Any CPU
		{3B00C57E-4E0A-42F6-8EC7-EDDC295D56BE}.Release|x86.ActiveCfg = Win-CPU-Release|Any CPU
		{3B00C57E-4E0A-42F6-8EC7-EDDC295D56BE}.Release|x86.Build.0 = Win-CPU-Release|Any CPU
		{3B00C57E-4E0A-42F6-8EC7-EDDC295D56BE}.Win-CPU-Debug|Any CPU.ActiveCfg = Win-CPU-Debug|Any CPU
		{3B00C57E-4E0A-42F6-8EC7-EDDC295D56BE}.Win-CPU-Debug|Any CPU.Build.0 = Win-CPU-Debug|Any CPU
		{3B00C57E-4E0A-42F6-8EC7-EDDC295D56BE}.Win-CPU-Debug|x64.ActiveCfg = Win-CPU-Debug|Any CPU
		{3B00C57E-4E0A-42F6-8EC7-EDDC295D56BE}.Win-CPU-Debug|x64.Build.0 = Win-CPU-Debug|Any CPU
		{3B00C57E-4E0A-42F6-8EC7-EDDC295D56BE}.Win-CPU-Debug|x86.ActiveCfg = Win-CPU-Debug|Any CPU
		{3B00C57E-4E0A-42F6-8EC7-EDDC295D56BE}.Win-CPU-Debug|x86.Build.0 = Win-CPU-Debug|Any CPU
		{3B00C57E-4E0A-42F6-8EC7-EDDC295D56BE}.Win-CPU-Release|Any CPU.ActiveCfg = Win-CPU-Release|Any CPU
		{3B00C57E-4E0A-42F6-8EC7-EDDC295D56BE}.Win-CPU-Release|Any CPU.Build.0 = Win-CPU-Release|Any CPU
		{3B00C57E-4E0A-42F6-8EC7-EDDC295D56BE}.Win-CPU-Release|x64.ActiveCfg = Win-CPU-Release|Any CPU
		{3B00C57E-4E0A-42F6-8EC7-EDDC295D56BE}.Win-CPU-Release|x64.Build.0 = Win-CPU-Release|Any CPU
		{3B00C57E-4E0A-42F6-8EC7-EDDC295D56BE}.Win-CPU-Release|x86.ActiveCfg = Win-CPU-Release|Any CPU
		{3B00C57E-4E0A-42F6-8EC7-EDDC295D56BE}.Win-CPU-Release|x86.Build.0 = Win-CPU-Release|Any CPU
		{3B00C57E-4E0A-42F6-8EC7-EDDC295D56BE}.Win-GPU-Debug|Any CPU.ActiveCfg = Win-GPU-Debug|Any CPU
		{3B00C57E-4E0A-42F6-8EC7-EDDC295D56BE}.Win-GPU-Debug|Any CPU.Build.0 = Win-GPU-Debug|Any CPU
		{3B00C57E-4E0A-42F6-8EC7-EDDC295D56BE}.Win-GPU-Debug|x64.ActiveCfg = Win-GPU-Debug|Any CPU
		{3B00C57E-4E0A-42F6-8EC7-EDDC295D56BE}.Win-GPU-Debug|x64.Build.0 = Win-GPU-Debug|Any CPU
		{3B00C57E-4E0A-42F6-8EC7-EDDC295D56BE}.Win-GPU-Debug|x86.ActiveCfg = Win-GPU-Debug|Any CPU
		{3B00C57E-4E0A-42F6-8EC7-EDDC295D56BE}.Win-GPU-Debug|x86.Build.0 = Win-GPU-Debug|Any CPU
		{3B00C57E-4E0A-42F6-8EC7-EDDC295D56BE}.Win-GPU-Release|Any CPU.ActiveCfg = Win-GPU-Release|Any CPU
		{3B00C57E-4E0A-42F6-8EC7-EDDC295D56BE}.Win-GPU-Release|Any CPU.Build.0 = Win-GPU-Release|Any CPU
		{3B00C57E-4E0A-42F6-8EC7-EDDC295D56BE}.Win-GPU-Release|x64.ActiveCfg = Win-GPU-Release|Any CPU
		{3B00C57E-4E0A-42F6-8EC7-EDDC295D56BE}.Win-GPU-Release|x64.Build.0 = Win-GPU-Release|Any CPU
		{3B00C57E-4E0A-42F6-8EC7-EDDC295D56BE}.Win-GPU-Release|x86.ActiveCfg = Win-GPU-Release|Any CPU
		{3B00C57E-4E0A-42F6-8EC7-EDDC295D56BE}.Win-GPU-Release|x86.Build.0 = Win-GPU-Release|Any CPU
	EndGlobalSection
	GlobalSection(SolutionProperties) = preSolution
		HideSolutionNode = FALSE
	EndGlobalSection
	GlobalSection(NestedProjects) = preSolution
		{11BEF17D-BE7A-40B3-85AE-B7C9E3C177A7} = {80D21E34-2A14-4D0E-9F8E-7AB34A12A719}
	EndGlobalSection
	GlobalSection(ExtensibilityGlobals) = postSolution
		SolutionGuid = {32315B05-6061-41AF-987A-F687C30C50C5}
	EndGlobalSection
EndGlobal
